// !$*UTF8*$!
{
	archiveVersion = 1;
	classes = {
	};
	objectVersion = 46;
	objects = {
/* Begin PBXBuildFile section */
		1D3623260D0F684500981E51 /* AppDelegate.m in Sources */ = {isa = PBXBuildFile; fileRef = 1D3623250D0F684500981E51 /* AppDelegate.m */; };
		1D60589B0D05DD56006BFB54 /* main.m in Sources */ = {isa = PBXBuildFile; fileRef = 29B97316FDCFA39411CA2CEA /* main.m */; };
		1F766FE113BBADB100FB74C0 /* Localizable.strings in Resources */ = {isa = PBXBuildFile; fileRef = 1F766FDC13BBADB100FB74C0 /* Localizable.strings */; };
		288765FD0DF74451002DB57D /* CoreGraphics.framework in Frameworks */ = {isa = PBXBuildFile; fileRef = 288765FC0DF74451002DB57D /* CoreGraphics.framework */; };
		301BF552109A68D80062928A /* libCordova.a in Frameworks */ = {isa = PBXBuildFile; fileRef = 301BF535109A57CC0062928A /* libCordova.a */; };
		302D95F114D2391D003F00A1 /* MainViewController.m in Sources */ = {isa = PBXBuildFile; fileRef = 302D95EF14D2391D003F00A1 /* MainViewController.m */; };
		302D95F214D2391D003F00A1 /* MainViewController.xib in Resources */ = {isa = PBXBuildFile; fileRef = 302D95F014D2391D003F00A1 /* MainViewController.xib */; };
		305D5FD1115AB8F900A74A75 /* MobileCoreServices.framework in Frameworks */ = {isa = PBXBuildFile; fileRef = 305D5FD0115AB8F900A74A75 /* MobileCoreServices.framework */; };
		3088BBBD154F3926009F9C59 /* Default-Landscape@2x~ipad.png in Resources */ = {isa = PBXBuildFile; fileRef = 3088BBB7154F3926009F9C59 /* Default-Landscape@2x~ipad.png */; };
		3088BBBE154F3926009F9C59 /* Default-Landscape~ipad.png in Resources */ = {isa = PBXBuildFile; fileRef = 3088BBB8154F3926009F9C59 /* Default-Landscape~ipad.png */; };
		3088BBBF154F3926009F9C59 /* Default-Portrait@2x~ipad.png in Resources */ = {isa = PBXBuildFile; fileRef = 3088BBB9154F3926009F9C59 /* Default-Portrait@2x~ipad.png */; };
		3088BBC0154F3926009F9C59 /* Default-Portrait~ipad.png in Resources */ = {isa = PBXBuildFile; fileRef = 3088BBBA154F3926009F9C59 /* Default-Portrait~ipad.png */; };
		3088BBC1154F3926009F9C59 /* Default@2x~iphone.png in Resources */ = {isa = PBXBuildFile; fileRef = 3088BBBB154F3926009F9C59 /* Default@2x~iphone.png */; };
		3088BBC2154F3926009F9C59 /* Default~iphone.png in Resources */ = {isa = PBXBuildFile; fileRef = 3088BBBC154F3926009F9C59 /* Default~iphone.png */; };
		308D05371370CCF300D202BF /* icon-72.png in Resources */ = {isa = PBXBuildFile; fileRef = 308D052E1370CCF300D202BF /* icon-72.png */; };
		308D05381370CCF300D202BF /* icon.png in Resources */ = {isa = PBXBuildFile; fileRef = 308D052F1370CCF300D202BF /* icon.png */; };
		308D05391370CCF300D202BF /* icon@2x.png in Resources */ = {isa = PBXBuildFile; fileRef = 308D05301370CCF300D202BF /* icon@2x.png */; };
		30A0434814DC770100060A13 /* Localizable.strings in Resources */ = {isa = PBXBuildFile; fileRef = 30A0434314DC770100060A13 /* Localizable.strings */; };
		30FC414916E50CA1004E6F35 /* icon-72@2x.png in Resources */ = {isa = PBXBuildFile; fileRef = 30FC414816E50CA1004E6F35 /* icon-72@2x.png */; };
		5AEE5B35173C68D80009041E /* CoreLocation.framework in Frameworks */ = {isa = PBXBuildFile; fileRef = 5AEE5B34173C68D80009041E /* CoreLocation.framework */; };
		5B1594DD16A7569C00FEF299 /* AssetsLibrary.framework in Frameworks */ = {isa = PBXBuildFile; fileRef = 5B1594DC16A7569C00FEF299 /* AssetsLibrary.framework */; };
		7E7966DE1810823500FA85AD /* icon-40.png in Resources */ = {isa = PBXBuildFile; fileRef = 7E7966D41810823500FA85AD /* icon-40.png */; };
		7E7966DF1810823500FA85AD /* icon-40@2x.png in Resources */ = {isa = PBXBuildFile; fileRef = 7E7966D51810823500FA85AD /* icon-40@2x.png */; };
		7E7966E01810823500FA85AD /* icon-50.png in Resources */ = {isa = PBXBuildFile; fileRef = 7E7966D61810823500FA85AD /* icon-50.png */; };
		7E7966E11810823500FA85AD /* icon-50@2x.png in Resources */ = {isa = PBXBuildFile; fileRef = 7E7966D71810823500FA85AD /* icon-50@2x.png */; };
		7E7966E21810823500FA85AD /* icon-60.png in Resources */ = {isa = PBXBuildFile; fileRef = 7E7966D81810823500FA85AD /* icon-60.png */; };
		7E7966E31810823500FA85AD /* icon-60@2x.png in Resources */ = {isa = PBXBuildFile; fileRef = 7E7966D91810823500FA85AD /* icon-60@2x.png */; };
		7E7966E41810823500FA85AD /* icon-76.png in Resources */ = {isa = PBXBuildFile; fileRef = 7E7966DA1810823500FA85AD /* icon-76.png */; };
		7E7966E51810823500FA85AD /* icon-76@2x.png in Resources */ = {isa = PBXBuildFile; fileRef = 7E7966DB1810823500FA85AD /* icon-76@2x.png */; };
		7E7966E61810823500FA85AD /* icon-small.png in Resources */ = {isa = PBXBuildFile; fileRef = 7E7966DC1810823500FA85AD /* icon-small.png */; };
		7E7966E71810823500FA85AD /* icon-small@2x.png in Resources */ = {isa = PBXBuildFile; fileRef = 7E7966DD1810823500FA85AD /* icon-small@2x.png */; };
		D4A0D8761607E02300AEF8BB /* Default-568h@2x~iphone.png in Resources */ = {isa = PBXBuildFile; fileRef = D4A0D8751607E02300AEF8BB /* Default-568h@2x~iphone.png */; };
		B936372C1B9A43F19799FFAA /* CDVDevice.m in Sources */ = {isa = PBXBuildFile; fileRef = B6705A1FC43C421F85652D2E /* CDVDevice.m */; };
		0C961F78C4C545BAAEA58B08 /* PushNotificationPlugin.m in Sources */ = {isa = PBXBuildFile; fileRef = DFD3BB45C46541EB924C4644 /* PushNotificationPlugin.m */; };
		12B81E67CF934C9792131F6A /* libUAirship-iOS5-3.0.3.a in Frameworks */ = {isa = PBXBuildFile; fileRef = 3AF794F7F1FE43638B590836 /* libUAirship-iOS5-3.0.3.a */; };
		5D54EDFAC5254523BB8D0892 /* libsqlite3.dylib in Frameworks */ = {isa = PBXBuildFile; fileRef = E65819C2DF9041CB988478BE /* libsqlite3.dylib */; };
		2091E71F172845F59AA0001A /* libz.dylib in Frameworks */ = {isa = PBXBuildFile; fileRef = 5F0CE134AAE7471EBF657A02 /* libz.dylib */; };
		40C08506B0FB41CABD69D5D0 /* CFNetwork.framework in Frameworks */ = {isa = PBXBuildFile; fileRef = 2367DDA011054B32A7766002 /* CFNetwork.framework */; settings = {ATTRIBUTES = (Weak, ); }; };
		EF8495532BB349A19D492EBA /* Foundation.framework in Frameworks */ = {isa = PBXBuildFile; fileRef = 25946484E0FD4F00BBC99075 /* Foundation.framework */; settings = {ATTRIBUTES = (Weak, ); }; };
		3232EB249C5842D8887D2CAB /* Security.framework in Frameworks */ = {isa = PBXBuildFile; fileRef = C9024E395E7A4138B91A19CD /* Security.framework */; settings = {ATTRIBUTES = (Weak, ); }; };
		7FB3485DF1F14E32A48B5A61 /* SystemConfiguration.framework in Frameworks */ = {isa = PBXBuildFile; fileRef = 49A0763EAE044092A8EE6C31 /* SystemConfiguration.framework */; settings = {ATTRIBUTES = (Weak, ); }; };
		743E96504DE24E05841A7F0C /* UIKit.framework in Frameworks */ = {isa = PBXBuildFile; fileRef = 65F555E870544FE9B5F79593 /* UIKit.framework */; settings = {ATTRIBUTES = (Weak, ); }; };
		55A31DE312CB4631933B4D8C /* CoreTelephony.framework in Frameworks */ = {isa = PBXBuildFile; fileRef = 558E0B4CF661457FBEB4ABBA /* CoreTelephony.framework */; settings = {ATTRIBUTES = (Weak, ); }; };
/* End PBXBuildFile section */

/* Begin PBXContainerItemProxy section */
		301BF534109A57CC0062928A /* PBXContainerItemProxy */ = {
			isa = PBXContainerItemProxy;
			containerPortal = 301BF52D109A57CC0062928A /* CordovaLib.xcodeproj */;
			proxyType = 2;
			remoteGlobalIDString = D2AAC07E0554694100DB518D;
			remoteInfo = CordovaLib;
		};
		301BF550109A68C00062928A /* PBXContainerItemProxy */ = {
			isa = PBXContainerItemProxy;
			containerPortal = 301BF52D109A57CC0062928A /* CordovaLib.xcodeproj */;
			proxyType = 1;
			remoteGlobalIDString = D2AAC07D0554694100DB518D;
			remoteInfo = CordovaLib;
		};
/* End PBXContainerItemProxy section */

/* Begin PBXFileReference section */
		1D3623240D0F684500981E51 /* AppDelegate.h */ = {isa = PBXFileReference; fileEncoding = 4; lastKnownFileType = sourcecode.c.h; path = AppDelegate.h; sourceTree = "<group>"; };
		1D3623250D0F684500981E51 /* AppDelegate.m */ = {isa = PBXFileReference; fileEncoding = 4; lastKnownFileType = sourcecode.c.objc; path = AppDelegate.m; sourceTree = "<group>"; };
		1D6058910D05DD3D006BFB54 /* Assassins.app */ = {isa = PBXFileReference; explicitFileType = wrapper.application; includeInIndex = 0; path = "Assassins.app"; sourceTree = BUILT_PRODUCTS_DIR; };
		1F766FDD13BBADB100FB74C0 /* en */ = {isa = PBXFileReference; lastKnownFileType = text.plist.strings; name = en; path = Localizable.strings; sourceTree = "<group>"; };
		1F766FE013BBADB100FB74C0 /* es */ = {isa = PBXFileReference; lastKnownFileType = text.plist.strings; name = es; path = Localizable.strings; sourceTree = "<group>"; };
		288765FC0DF74451002DB57D /* CoreGraphics.framework */ = {isa = PBXFileReference; lastKnownFileType = wrapper.framework; name = CoreGraphics.framework; path = System/Library/Frameworks/CoreGraphics.framework; sourceTree = SDKROOT; };
		29B97316FDCFA39411CA2CEA /* main.m */ = {isa = PBXFileReference; fileEncoding = 4; lastKnownFileType = sourcecode.c.objc; path = main.m; sourceTree = "<group>"; };
		301BF52D109A57CC0062928A /* CordovaLib.xcodeproj */ = {isa = PBXFileReference; lastKnownFileType = "wrapper.pb-project"; name = CordovaLib.xcodeproj; path = "CordovaLib/CordovaLib.xcodeproj"; sourceTree = "<group>"; };
		301BF56E109A69640062928A /* www */ = {isa = PBXFileReference; lastKnownFileType = folder; path = www; sourceTree = SOURCE_ROOT; };
		302D95EE14D2391D003F00A1 /* MainViewController.h */ = {isa = PBXFileReference; fileEncoding = 4; lastKnownFileType = sourcecode.c.h; path = MainViewController.h; sourceTree = "<group>"; };
		302D95EF14D2391D003F00A1 /* MainViewController.m */ = {isa = PBXFileReference; fileEncoding = 4; lastKnownFileType = sourcecode.c.objc; path = MainViewController.m; sourceTree = "<group>"; };
		302D95F014D2391D003F00A1 /* MainViewController.xib */ = {isa = PBXFileReference; fileEncoding = 4; lastKnownFileType = file.xib; path = MainViewController.xib; sourceTree = "<group>"; };
		305D5FD0115AB8F900A74A75 /* MobileCoreServices.framework */ = {isa = PBXFileReference; lastKnownFileType = wrapper.framework; name = MobileCoreServices.framework; path = System/Library/Frameworks/MobileCoreServices.framework; sourceTree = SDKROOT; };
		3088BBB7154F3926009F9C59 /* Default-Landscape@2x~ipad.png */ = {isa = PBXFileReference; lastKnownFileType = image.png; path = "Default-Landscape@2x~ipad.png"; sourceTree = "<group>"; };
		3088BBB8154F3926009F9C59 /* Default-Landscape~ipad.png */ = {isa = PBXFileReference; lastKnownFileType = image.png; path = "Default-Landscape~ipad.png"; sourceTree = "<group>"; };
		3088BBB9154F3926009F9C59 /* Default-Portrait@2x~ipad.png */ = {isa = PBXFileReference; lastKnownFileType = image.png; path = "Default-Portrait@2x~ipad.png"; sourceTree = "<group>"; };
		3088BBBA154F3926009F9C59 /* Default-Portrait~ipad.png */ = {isa = PBXFileReference; lastKnownFileType = image.png; path = "Default-Portrait~ipad.png"; sourceTree = "<group>"; };
		3088BBBB154F3926009F9C59 /* Default@2x~iphone.png */ = {isa = PBXFileReference; lastKnownFileType = image.png; path = "Default@2x~iphone.png"; sourceTree = "<group>"; };
		3088BBBC154F3926009F9C59 /* Default~iphone.png */ = {isa = PBXFileReference; lastKnownFileType = image.png; path = "Default~iphone.png"; sourceTree = "<group>"; };
		308D052E1370CCF300D202BF /* icon-72.png */ = {isa = PBXFileReference; lastKnownFileType = image.png; path = "icon-72.png"; sourceTree = "<group>"; };
		308D052F1370CCF300D202BF /* icon.png */ = {isa = PBXFileReference; lastKnownFileType = image.png; path = icon.png; sourceTree = "<group>"; };
		308D05301370CCF300D202BF /* icon@2x.png */ = {isa = PBXFileReference; lastKnownFileType = image.png; path = "icon@2x.png"; sourceTree = "<group>"; };
		30A0434414DC770100060A13 /* de */ = {isa = PBXFileReference; lastKnownFileType = text.plist.strings; name = de; path = Localizable.strings; sourceTree = "<group>"; };
		30A0434714DC770100060A13 /* se */ = {isa = PBXFileReference; lastKnownFileType = text.plist.strings; name = se; path = Localizable.strings; sourceTree = "<group>"; };
		30FC414816E50CA1004E6F35 /* icon-72@2x.png */ = {isa = PBXFileReference; lastKnownFileType = image.png; path = "icon-72@2x.png"; sourceTree = "<group>"; };
		32CA4F630368D1EE00C91783 /* Assassins-Prefix.pch */ = {isa = PBXFileReference; fileEncoding = 4; lastKnownFileType = sourcecode.c.h; path = "Assassins-Prefix.pch"; sourceTree = "<group>"; };
		5AEE5B34173C68D80009041E /* CoreLocation.framework */ = {isa = PBXFileReference; lastKnownFileType = wrapper.framework; name = CoreLocation.framework; path = System/Library/Frameworks/CoreLocation.framework; sourceTree = SDKROOT; };
		5B1594DC16A7569C00FEF299 /* AssetsLibrary.framework */ = {isa = PBXFileReference; lastKnownFileType = wrapper.framework; name = AssetsLibrary.framework; path = System/Library/Frameworks/AssetsLibrary.framework; sourceTree = SDKROOT; };
		7E7966D41810823500FA85AD /* icon-40.png */ = {isa = PBXFileReference; lastKnownFileType = image.png; path = "icon-40.png"; sourceTree = "<group>"; };
		7E7966D51810823500FA85AD /* icon-40@2x.png */ = {isa = PBXFileReference; lastKnownFileType = image.png; path = "icon-40@2x.png"; sourceTree = "<group>"; };
		7E7966D61810823500FA85AD /* icon-50.png */ = {isa = PBXFileReference; lastKnownFileType = image.png; path = "icon-50.png"; sourceTree = "<group>"; };
		7E7966D71810823500FA85AD /* icon-50@2x.png */ = {isa = PBXFileReference; lastKnownFileType = image.png; path = "icon-50@2x.png"; sourceTree = "<group>"; };
		7E7966D81810823500FA85AD /* icon-60.png */ = {isa = PBXFileReference; lastKnownFileType = image.png; path = "icon-60.png"; sourceTree = "<group>"; };
		7E7966D91810823500FA85AD /* icon-60@2x.png */ = {isa = PBXFileReference; lastKnownFileType = image.png; path = "icon-60@2x.png"; sourceTree = "<group>"; };
		7E7966DA1810823500FA85AD /* icon-76.png */ = {isa = PBXFileReference; lastKnownFileType = image.png; path = "icon-76.png"; sourceTree = "<group>"; };
		7E7966DB1810823500FA85AD /* icon-76@2x.png */ = {isa = PBXFileReference; lastKnownFileType = image.png; path = "icon-76@2x.png"; sourceTree = "<group>"; };
		7E7966DC1810823500FA85AD /* icon-small.png */ = {isa = PBXFileReference; lastKnownFileType = image.png; path = "icon-small.png"; sourceTree = "<group>"; };
		7E7966DD1810823500FA85AD /* icon-small@2x.png */ = {isa = PBXFileReference; lastKnownFileType = image.png; path = "icon-small@2x.png"; sourceTree = "<group>"; };
		8D1107310486CEB800E47090 /* Assassins-Info.plist */ = {isa = PBXFileReference; fileEncoding = 4; lastKnownFileType = text.plist.xml; name = "Assassins-Info.plist"; path = "../Assassins-Info.plist"; plistStructureDefinitionIdentifier = "com.apple.xcode.plist.structure-definition.iphone.info-plist"; sourceTree = "<group>"; };
		D4A0D8751607E02300AEF8BB /* Default-568h@2x~iphone.png */ = {isa = PBXFileReference; lastKnownFileType = image.png; path = "Default-568h@2x~iphone.png"; sourceTree = "<group>"; };
		EB87FDF21871DA7A0020F90C /* merges */ = {isa = PBXFileReference; lastKnownFileType = folder; name = merges; path = ../../merges; sourceTree = "<group>"; };
		EB87FDF31871DA8E0020F90C /* www */ = {isa = PBXFileReference; lastKnownFileType = folder; name = www; path = ../../www; sourceTree = "<group>"; };
		EB87FDF41871DAF40020F90C /* config.xml */ = {isa = PBXFileReference; lastKnownFileType = text.xml; name = config.xml; path = ../../config.xml; sourceTree = "<group>"; };
		F840E1F0165FE0F500CFE078 /* config.xml */ = {isa = PBXFileReference; lastKnownFileType = text.xml; name = config.xml; path = "Assassins/config.xml"; sourceTree = "<group>"; };
		B6705A1FC43C421F85652D2E /* CDVDevice.m */ = {isa = PBXFileReference; lastKnownFileType = sourcecode.c.objc; name = "CDVDevice.m"; path = "org.apache.cordova.device/CDVDevice.m"; sourceTree = "<group>"; fileEncoding = 4; };
		06FFD70F59FD4D6DB72B1512 /* CDVDevice.h */ = {isa = PBXFileReference; lastKnownFileType = sourcecode.c.h; name = "CDVDevice.h"; path = "org.apache.cordova.device/CDVDevice.h"; sourceTree = "<group>"; fileEncoding = 4; };
		DFD3BB45C46541EB924C4644 /* PushNotificationPlugin.m */ = {isa = PBXFileReference; lastKnownFileType = sourcecode.c.objc; name = "PushNotificationPlugin.m"; path = "com.urbanairship.phonegap.PushNotification/PushNotificationPlugin.m"; sourceTree = "<group>"; fileEncoding = 4; };
		3AF794F7F1FE43638B590836 /* libUAirship-iOS5-3.0.3.a */ = {isa = PBXFileReference; lastKnownFileType = archive.ar; name = "libUAirship-iOS5-3.0.3.a"; path = "Assassins/Plugins/com.urbanairship.phonegap.PushNotification/libUAirship-iOS5-3.0.3.a"; sourceTree = "<group>"; fileEncoding = 4; };
		8BAF43E842E847B2A2CD3206 /* PushNotificationPlugin.h */ = {isa = PBXFileReference; lastKnownFileType = sourcecode.c.h; name = "PushNotificationPlugin.h"; path = "com.urbanairship.phonegap.PushNotification/PushNotificationPlugin.h"; sourceTree = "<group>"; fileEncoding = 4; };
		6802B93AFDD64A2B909D5762 /* UAAnalytics.h */ = {isa = PBXFileReference; lastKnownFileType = sourcecode.c.h; name = "UAAnalytics.h"; path = "com.urbanairship.phonegap.PushNotification/UAAnalytics.h"; sourceTree = "<group>"; fileEncoding = 4; };
		ACBD8473FCAE4AAE88336B34 /* UAAnalyticsDBManager.h */ = {isa = PBXFileReference; lastKnownFileType = sourcecode.c.h; name = "UAAnalyticsDBManager.h"; path = "com.urbanairship.phonegap.PushNotification/UAAnalyticsDBManager.h"; sourceTree = "<group>"; fileEncoding = 4; };
		20FD21F025BA4ABBBF0698CA /* UAAppDelegate.h */ = {isa = PBXFileReference; lastKnownFileType = sourcecode.c.h; name = "UAAppDelegate.h"; path = "com.urbanairship.phonegap.PushNotification/UAAppDelegate.h"; sourceTree = "<group>"; fileEncoding = 4; };
		F0757C921E8C4F7698D7B1D4 /* UAAppDelegateProxy.h */ = {isa = PBXFileReference; lastKnownFileType = sourcecode.c.h; name = "UAAppDelegateProxy.h"; path = "com.urbanairship.phonegap.PushNotification/UAAppDelegateProxy.h"; sourceTree = "<group>"; fileEncoding = 4; };
		14CE2CDBA03B46A5A92C675B /* UABaseLocationProvider.h */ = {isa = PBXFileReference; lastKnownFileType = sourcecode.c.h; name = "UABaseLocationProvider.h"; path = "com.urbanairship.phonegap.PushNotification/UABaseLocationProvider.h"; sourceTree = "<group>"; fileEncoding = 4; };
		D706C666D6494E529952A227 /* UAConfig.h */ = {isa = PBXFileReference; lastKnownFileType = sourcecode.c.h; name = "UAConfig.h"; path = "com.urbanairship.phonegap.PushNotification/UAConfig.h"; sourceTree = "<group>"; fileEncoding = 4; };
		B090D33747804CB5ABABA6B1 /* UADelayOperation.h */ = {isa = PBXFileReference; lastKnownFileType = sourcecode.c.h; name = "UADelayOperation.h"; path = "com.urbanairship.phonegap.PushNotification/UADelayOperation.h"; sourceTree = "<group>"; fileEncoding = 4; };
		26AB94B0DA40412B94D24D85 /* UAEvent.h */ = {isa = PBXFileReference; lastKnownFileType = sourcecode.c.h; name = "UAEvent.h"; path = "com.urbanairship.phonegap.PushNotification/UAEvent.h"; sourceTree = "<group>"; fileEncoding = 4; };
		7EA276E0C692449D8795F279 /* UAGlobal.h */ = {isa = PBXFileReference; lastKnownFileType = sourcecode.c.h; name = "UAGlobal.h"; path = "com.urbanairship.phonegap.PushNotification/UAGlobal.h"; sourceTree = "<group>"; fileEncoding = 4; };
		1C6C6D799B4D4DF79A274D95 /* UAHTTPConnection.h */ = {isa = PBXFileReference; lastKnownFileType = sourcecode.c.h; name = "UAHTTPConnection.h"; path = "com.urbanairship.phonegap.PushNotification/UAHTTPConnection.h"; sourceTree = "<group>"; fileEncoding = 4; };
		586BD14782B846A8A56BE2F1 /* UAHTTPConnectionOperation.h */ = {isa = PBXFileReference; lastKnownFileType = sourcecode.c.h; name = "UAHTTPConnectionOperation.h"; path = "com.urbanairship.phonegap.PushNotification/UAHTTPConnectionOperation.h"; sourceTree = "<group>"; fileEncoding = 4; };
		29B9EB108F82406EB89987D7 /* UAHTTPRequest.h */ = {isa = PBXFileReference; lastKnownFileType = sourcecode.c.h; name = "UAHTTPRequest.h"; path = "com.urbanairship.phonegap.PushNotification/UAHTTPRequest.h"; sourceTree = "<group>"; fileEncoding = 4; };
		2E443986F8534DA3A0843A74 /* UAHTTPRequestEngine.h */ = {isa = PBXFileReference; lastKnownFileType = sourcecode.c.h; name = "UAHTTPRequestEngine.h"; path = "com.urbanairship.phonegap.PushNotification/UAHTTPRequestEngine.h"; sourceTree = "<group>"; fileEncoding = 4; };
		3B1C613B68D74EDDA3105B65 /* UAKeychainUtils.h */ = {isa = PBXFileReference; lastKnownFileType = sourcecode.c.h; name = "UAKeychainUtils.h"; path = "com.urbanairship.phonegap.PushNotification/UAKeychainUtils.h"; sourceTree = "<group>"; fileEncoding = 4; };
		BB27578BA6D04E52B725F563 /* UALocationCommonValues.h */ = {isa = PBXFileReference; lastKnownFileType = sourcecode.c.h; name = "UALocationCommonValues.h"; path = "com.urbanairship.phonegap.PushNotification/UALocationCommonValues.h"; sourceTree = "<group>"; fileEncoding = 4; };
		06642BEC91AF4319BB074F05 /* UALocationEvent.h */ = {isa = PBXFileReference; lastKnownFileType = sourcecode.c.h; name = "UALocationEvent.h"; path = "com.urbanairship.phonegap.PushNotification/UALocationEvent.h"; sourceTree = "<group>"; fileEncoding = 4; };
		3BB0071E4D0D4447B235B1DC /* UALocationProviderDelegate.h */ = {isa = PBXFileReference; lastKnownFileType = sourcecode.c.h; name = "UALocationProviderDelegate.h"; path = "com.urbanairship.phonegap.PushNotification/UALocationProviderDelegate.h"; sourceTree = "<group>"; fileEncoding = 4; };
		7BF2ED11018B499DA4CF9C06 /* UALocationProviderProtocol.h */ = {isa = PBXFileReference; lastKnownFileType = sourcecode.c.h; name = "UALocationProviderProtocol.h"; path = "com.urbanairship.phonegap.PushNotification/UALocationProviderProtocol.h"; sourceTree = "<group>"; fileEncoding = 4; };
		2CD463499F514845B21F3F06 /* UALocationService.h */ = {isa = PBXFileReference; lastKnownFileType = sourcecode.c.h; name = "UALocationService.h"; path = "com.urbanairship.phonegap.PushNotification/UALocationService.h"; sourceTree = "<group>"; fileEncoding = 4; };
		CD8965DE9EC34E23BD3CC91A /* UASQLite.h */ = {isa = PBXFileReference; lastKnownFileType = sourcecode.c.h; name = "UASQLite.h"; path = "com.urbanairship.phonegap.PushNotification/UASQLite.h"; sourceTree = "<group>"; fileEncoding = 4; };
		0DAC75CDBE9C4569A8C851DE /* UASignificantChangeProvider.h */ = {isa = PBXFileReference; lastKnownFileType = sourcecode.c.h; name = "UASignificantChangeProvider.h"; path = "com.urbanairship.phonegap.PushNotification/UASignificantChangeProvider.h"; sourceTree = "<group>"; fileEncoding = 4; };
		4420A522646141BFA15FA236 /* UAStandardLocationProvider.h */ = {isa = PBXFileReference; lastKnownFileType = sourcecode.c.h; name = "UAStandardLocationProvider.h"; path = "com.urbanairship.phonegap.PushNotification/UAStandardLocationProvider.h"; sourceTree = "<group>"; fileEncoding = 4; };
		3FDBE72CD5AF47A296FC92D6 /* UATagUtils.h */ = {isa = PBXFileReference; lastKnownFileType = sourcecode.c.h; name = "UATagUtils.h"; path = "com.urbanairship.phonegap.PushNotification/UATagUtils.h"; sourceTree = "<group>"; fileEncoding = 4; };
		33DF3F8E5A5C4A90B3E4D998 /* UAUser.h */ = {isa = PBXFileReference; lastKnownFileType = sourcecode.c.h; name = "UAUser.h"; path = "com.urbanairship.phonegap.PushNotification/UAUser.h"; sourceTree = "<group>"; fileEncoding = 4; };
		ED172515252D44E79ECE7386 /* UAUserAPIClient.h */ = {isa = PBXFileReference; lastKnownFileType = sourcecode.c.h; name = "UAUserAPIClient.h"; path = "com.urbanairship.phonegap.PushNotification/UAUserAPIClient.h"; sourceTree = "<group>"; fileEncoding = 4; };
		C8A4FA6F57E2492B97E97C79 /* UAUserData.h */ = {isa = PBXFileReference; lastKnownFileType = sourcecode.c.h; name = "UAUserData.h"; path = "com.urbanairship.phonegap.PushNotification/UAUserData.h"; sourceTree = "<group>"; fileEncoding = 4; };
		6CF16EA2C6FA42C8B3DB0456 /* UAUtils.h */ = {isa = PBXFileReference; lastKnownFileType = sourcecode.c.h; name = "UAUtils.h"; path = "com.urbanairship.phonegap.PushNotification/UAUtils.h"; sourceTree = "<group>"; fileEncoding = 4; };
		0AF87721264F480F93400874 /* UAirship.h */ = {isa = PBXFileReference; lastKnownFileType = sourcecode.c.h; name = "UAirship.h"; path = "com.urbanairship.phonegap.PushNotification/UAirship.h"; sourceTree = "<group>"; fileEncoding = 4; };
		12C69E0568614E88AC5D9693 /* UAObservable.h */ = {isa = PBXFileReference; lastKnownFileType = sourcecode.c.h; name = "UAObservable.h"; path = "com.urbanairship.phonegap.PushNotification/UAObservable.h"; sourceTree = "<group>"; fileEncoding = 4; };
		4F13331CD3AF4C0C845FB37D /* NSJSONSerialization+UAAdditions.h */ = {isa = PBXFileReference; lastKnownFileType = sourcecode.c.h; name = "NSJSONSerialization+UAAdditions.h"; path = "com.urbanairship.phonegap.PushNotification/NSJSONSerialization+UAAdditions.h"; sourceTree = "<group>"; fileEncoding = 4; };
		ACB90EF6F28343AE8BF3EDB8 /* UAURLProtocol.h */ = {isa = PBXFileReference; lastKnownFileType = sourcecode.c.h; name = "UAURLProtocol.h"; path = "com.urbanairship.phonegap.PushNotification/UAURLProtocol.h"; sourceTree = "<group>"; fileEncoding = 4; };
		AD070DB8176948BFA3C6BA58 /* UADeviceAPIClient.h */ = {isa = PBXFileReference; lastKnownFileType = sourcecode.c.h; name = "UADeviceAPIClient.h"; path = "com.urbanairship.phonegap.PushNotification/UADeviceAPIClient.h"; sourceTree = "<group>"; fileEncoding = 4; };
		106581192A684F1F96D4CD71 /* UADeviceRegistrationData.h */ = {isa = PBXFileReference; lastKnownFileType = sourcecode.c.h; name = "UADeviceRegistrationData.h"; path = "com.urbanairship.phonegap.PushNotification/UADeviceRegistrationData.h"; sourceTree = "<group>"; fileEncoding = 4; };
		6657F2795FF143949AC8D66D /* UADeviceRegistrationPayload.h */ = {isa = PBXFileReference; lastKnownFileType = sourcecode.c.h; name = "UADeviceRegistrationPayload.h"; path = "com.urbanairship.phonegap.PushNotification/UADeviceRegistrationPayload.h"; sourceTree = "<group>"; fileEncoding = 4; };
		8C19E500799D4ADC95227B08 /* UAPush.h */ = {isa = PBXFileReference; lastKnownFileType = sourcecode.c.h; name = "UAPush.h"; path = "com.urbanairship.phonegap.PushNotification/UAPush.h"; sourceTree = "<group>"; fileEncoding = 4; };
		E6C7EBFB9E7C40E59C45ED93 /* UA_Base64.h */ = {isa = PBXFileReference; lastKnownFileType = sourcecode.c.h; name = "UA_Base64.h"; path = "com.urbanairship.phonegap.PushNotification/UA_Base64.h"; sourceTree = "<group>"; fileEncoding = 4; };
		F92283C5B6374DB5B01239A7 /* UA_Reachability.h */ = {isa = PBXFileReference; lastKnownFileType = sourcecode.c.h; name = "UA_Reachability.h"; path = "com.urbanairship.phonegap.PushNotification/UA_Reachability.h"; sourceTree = "<group>"; fileEncoding = 4; };
		E65819C2DF9041CB988478BE /* libsqlite3.dylib */ = {isa = PBXFileReference; lastKnownFileType = "compiled.mach-o.dylib"; name = "libsqlite3.dylib"; path = "usr/lib/libsqlite3.dylib"; sourceTree = SDKROOT; fileEncoding = 4; };
		5F0CE134AAE7471EBF657A02 /* libz.dylib */ = {isa = PBXFileReference; lastKnownFileType = "compiled.mach-o.dylib"; name = "libz.dylib"; path = "usr/lib/libz.dylib"; sourceTree = SDKROOT; fileEncoding = 4; };
		2367DDA011054B32A7766002 /* CFNetwork.framework */ = {isa = PBXFileReference; lastKnownFileType = wrapper.framework; name = "CFNetwork.framework"; path = "System/Library/Frameworks/CFNetwork.framework"; sourceTree = SDKROOT; fileEncoding = 4; };
		25946484E0FD4F00BBC99075 /* Foundation.framework */ = {isa = PBXFileReference; lastKnownFileType = wrapper.framework; name = "Foundation.framework"; path = "System/Library/Frameworks/Foundation.framework"; sourceTree = SDKROOT; fileEncoding = 4; };
		C9024E395E7A4138B91A19CD /* Security.framework */ = {isa = PBXFileReference; lastKnownFileType = wrapper.framework; name = "Security.framework"; path = "System/Library/Frameworks/Security.framework"; sourceTree = SDKROOT; fileEncoding = 4; };
		49A0763EAE044092A8EE6C31 /* SystemConfiguration.framework */ = {isa = PBXFileReference; lastKnownFileType = wrapper.framework; name = "SystemConfiguration.framework"; path = "System/Library/Frameworks/SystemConfiguration.framework"; sourceTree = SDKROOT; fileEncoding = 4; };
		65F555E870544FE9B5F79593 /* UIKit.framework */ = {isa = PBXFileReference; lastKnownFileType = wrapper.framework; name = "UIKit.framework"; path = "System/Library/Frameworks/UIKit.framework"; sourceTree = SDKROOT; fileEncoding = 4; };
		558E0B4CF661457FBEB4ABBA /* CoreTelephony.framework */ = {isa = PBXFileReference; lastKnownFileType = wrapper.framework; name = "CoreTelephony.framework"; path = "System/Library/Frameworks/CoreTelephony.framework"; sourceTree = SDKROOT; fileEncoding = 4; };
/* End PBXFileReference section */

/* Begin PBXFrameworksBuildPhase section */
		1D60588F0D05DD3D006BFB54 /* Frameworks */ = {
			isa = PBXFrameworksBuildPhase;
			buildActionMask = 2147483647;
			files = (
				5B1594DD16A7569C00FEF299 /* AssetsLibrary.framework in Frameworks */,
				301BF552109A68D80062928A /* libCordova.a in Frameworks */,
				288765FD0DF74451002DB57D /* CoreGraphics.framework in Frameworks */,
				305D5FD1115AB8F900A74A75 /* MobileCoreServices.framework in Frameworks */,
				5AEE5B35173C68D80009041E /* CoreLocation.framework in Frameworks */,
				12B81E67CF934C9792131F6A /* libUAirship-iOS5-3.0.3.a in Frameworks */,
				5D54EDFAC5254523BB8D0892 /* libsqlite3.dylib in Frameworks */,
				2091E71F172845F59AA0001A /* libz.dylib in Frameworks */,
				40C08506B0FB41CABD69D5D0 /* CFNetwork.framework in Frameworks */,
				EF8495532BB349A19D492EBA /* Foundation.framework in Frameworks */,
				3232EB249C5842D8887D2CAB /* Security.framework in Frameworks */,
				7FB3485DF1F14E32A48B5A61 /* SystemConfiguration.framework in Frameworks */,
				743E96504DE24E05841A7F0C /* UIKit.framework in Frameworks */,
				55A31DE312CB4631933B4D8C /* CoreTelephony.framework in Frameworks */,
			);
			runOnlyForDeploymentPostprocessing = 0;
		};
/* End PBXFrameworksBuildPhase section */

/* Begin PBXGroup section */
		080E96DDFE201D6D7F000001 /* Classes */ = {
			isa = PBXGroup;
			children = (
				302D95EE14D2391D003F00A1 /* MainViewController.h */,
				302D95EF14D2391D003F00A1 /* MainViewController.m */,
				302D95F014D2391D003F00A1 /* MainViewController.xib */,
				1D3623240D0F684500981E51 /* AppDelegate.h */,
				1D3623250D0F684500981E51 /* AppDelegate.m */,
			);
			name = Classes;
			path = "Assassins/Classes";
			sourceTree = SOURCE_ROOT;
		};
		19C28FACFE9D520D11CA2CBB /* Products */ = {
			isa = PBXGroup;
			children = (
				1D6058910D05DD3D006BFB54 /* Assassins.app */,
			);
			name = Products;
			sourceTree = "<group>";
		};
		1F766FDB13BBADB100FB74C0 /* en.lproj */ = {
			isa = PBXGroup;
			children = (
				1F766FDC13BBADB100FB74C0 /* Localizable.strings */,
			);
			path = en.lproj;
			sourceTree = "<group>";
		};
		1F766FDE13BBADB100FB74C0 /* es.lproj */ = {
			isa = PBXGroup;
			children = (
				1F766FDF13BBADB100FB74C0 /* Localizable.strings */,
			);
			path = es.lproj;
			sourceTree = "<group>";
		};
		29B97314FDCFA39411CA2CEA /* CustomTemplate */ = {
			isa = PBXGroup;
			children = (
				EB87FDF41871DAF40020F90C /* config.xml */,
				EB87FDF31871DA8E0020F90C /* www */,
				EB87FDF21871DA7A0020F90C /* merges */,
				EB87FDF11871DA420020F90C /* Staging */,
				301BF52D109A57CC0062928A /* CordovaLib.xcodeproj */,
				080E96DDFE201D6D7F000001 /* Classes */,
				307C750510C5A3420062BCA9 /* Plugins */,
				29B97315FDCFA39411CA2CEA /* Other Sources */,
				29B97317FDCFA39411CA2CEA /* Resources */,
				29B97323FDCFA39411CA2CEA /* Frameworks */,
				19C28FACFE9D520D11CA2CBB /* Products */,
			);
			name = CustomTemplate;
			sourceTree = "<group>";
		};
		29B97315FDCFA39411CA2CEA /* Other Sources */ = {
			isa = PBXGroup;
			children = (
				32CA4F630368D1EE00C91783 /* Assassins-Prefix.pch */,
				29B97316FDCFA39411CA2CEA /* main.m */,
			);
			name = "Other Sources";
			path = "Assassins";
			sourceTree = "<group>";
		};
		29B97317FDCFA39411CA2CEA /* Resources */ = {
			isa = PBXGroup;
			children = (
				30A0434214DC770100060A13 /* de.lproj */,
				30A0434514DC770100060A13 /* se.lproj */,
				1F766FDB13BBADB100FB74C0 /* en.lproj */,
				1F766FDE13BBADB100FB74C0 /* es.lproj */,
				308D052D1370CCF300D202BF /* icons */,
				308D05311370CCF300D202BF /* splash */,
				8D1107310486CEB800E47090 /* Assassins-Info.plist */,
			);
			name = Resources;
			path = "Assassins/Resources";
			sourceTree = "<group>";
		};
		29B97323FDCFA39411CA2CEA /* Frameworks */ = {
			isa = PBXGroup;
			children = (
				5AEE5B34173C68D80009041E /* CoreLocation.framework */,
				5B1594DC16A7569C00FEF299 /* AssetsLibrary.framework */,
				288765FC0DF74451002DB57D /* CoreGraphics.framework */,
				305D5FD0115AB8F900A74A75 /* MobileCoreServices.framework */,
				3AF794F7F1FE43638B590836 /* libUAirship-iOS5-3.0.3.a */,
				E65819C2DF9041CB988478BE /* libsqlite3.dylib */,
				5F0CE134AAE7471EBF657A02 /* libz.dylib */,
				2367DDA011054B32A7766002 /* CFNetwork.framework */,
				25946484E0FD4F00BBC99075 /* Foundation.framework */,
				C9024E395E7A4138B91A19CD /* Security.framework */,
				49A0763EAE044092A8EE6C31 /* SystemConfiguration.framework */,
				65F555E870544FE9B5F79593 /* UIKit.framework */,
				558E0B4CF661457FBEB4ABBA /* CoreTelephony.framework */,
			);
			name = Frameworks;
			sourceTree = "<group>";
		};
		301BF52E109A57CC0062928A /* Products */ = {
			isa = PBXGroup;
			children = (
				301BF535109A57CC0062928A /* libCordova.a */,
			);
			name = Products;
			sourceTree = "<group>";
		};
		307C750510C5A3420062BCA9 /* Plugins */ = {
			isa = PBXGroup;
			children = (
				B6705A1FC43C421F85652D2E /* CDVDevice.m */,
				06FFD70F59FD4D6DB72B1512 /* CDVDevice.h */,
				DFD3BB45C46541EB924C4644 /* PushNotificationPlugin.m */,
				8BAF43E842E847B2A2CD3206 /* PushNotificationPlugin.h */,
				6802B93AFDD64A2B909D5762 /* UAAnalytics.h */,
				ACBD8473FCAE4AAE88336B34 /* UAAnalyticsDBManager.h */,
				20FD21F025BA4ABBBF0698CA /* UAAppDelegate.h */,
				F0757C921E8C4F7698D7B1D4 /* UAAppDelegateProxy.h */,
				14CE2CDBA03B46A5A92C675B /* UABaseLocationProvider.h */,
				D706C666D6494E529952A227 /* UAConfig.h */,
				B090D33747804CB5ABABA6B1 /* UADelayOperation.h */,
				26AB94B0DA40412B94D24D85 /* UAEvent.h */,
				7EA276E0C692449D8795F279 /* UAGlobal.h */,
				1C6C6D799B4D4DF79A274D95 /* UAHTTPConnection.h */,
				586BD14782B846A8A56BE2F1 /* UAHTTPConnectionOperation.h */,
				29B9EB108F82406EB89987D7 /* UAHTTPRequest.h */,
				2E443986F8534DA3A0843A74 /* UAHTTPRequestEngine.h */,
				3B1C613B68D74EDDA3105B65 /* UAKeychainUtils.h */,
				BB27578BA6D04E52B725F563 /* UALocationCommonValues.h */,
				06642BEC91AF4319BB074F05 /* UALocationEvent.h */,
				3BB0071E4D0D4447B235B1DC /* UALocationProviderDelegate.h */,
				7BF2ED11018B499DA4CF9C06 /* UALocationProviderProtocol.h */,
				2CD463499F514845B21F3F06 /* UALocationService.h */,
				CD8965DE9EC34E23BD3CC91A /* UASQLite.h */,
				0DAC75CDBE9C4569A8C851DE /* UASignificantChangeProvider.h */,
				4420A522646141BFA15FA236 /* UAStandardLocationProvider.h */,
				3FDBE72CD5AF47A296FC92D6 /* UATagUtils.h */,
				33DF3F8E5A5C4A90B3E4D998 /* UAUser.h */,
				ED172515252D44E79ECE7386 /* UAUserAPIClient.h */,
				C8A4FA6F57E2492B97E97C79 /* UAUserData.h */,
				6CF16EA2C6FA42C8B3DB0456 /* UAUtils.h */,
				0AF87721264F480F93400874 /* UAirship.h */,
				12C69E0568614E88AC5D9693 /* UAObservable.h */,
				4F13331CD3AF4C0C845FB37D /* NSJSONSerialization+UAAdditions.h */,
				ACB90EF6F28343AE8BF3EDB8 /* UAURLProtocol.h */,
				AD070DB8176948BFA3C6BA58 /* UADeviceAPIClient.h */,
				106581192A684F1F96D4CD71 /* UADeviceRegistrationData.h */,
				6657F2795FF143949AC8D66D /* UADeviceRegistrationPayload.h */,
				8C19E500799D4ADC95227B08 /* UAPush.h */,
				E6C7EBFB9E7C40E59C45ED93 /* UA_Base64.h */,
				F92283C5B6374DB5B01239A7 /* UA_Reachability.h */,
			);
			name = Plugins;
			path = "Assassins/Plugins";
			sourceTree = SOURCE_ROOT;
		};
		308D052D1370CCF300D202BF /* icons */ = {
			isa = PBXGroup;
			children = (
				7E7966D41810823500FA85AD /* icon-40.png */,
				7E7966D51810823500FA85AD /* icon-40@2x.png */,
				7E7966D61810823500FA85AD /* icon-50.png */,
				7E7966D71810823500FA85AD /* icon-50@2x.png */,
				7E7966D81810823500FA85AD /* icon-60.png */,
				7E7966D91810823500FA85AD /* icon-60@2x.png */,
				7E7966DA1810823500FA85AD /* icon-76.png */,
				7E7966DB1810823500FA85AD /* icon-76@2x.png */,
				7E7966DC1810823500FA85AD /* icon-small.png */,
				7E7966DD1810823500FA85AD /* icon-small@2x.png */,
				30FC414816E50CA1004E6F35 /* icon-72@2x.png */,
				308D052E1370CCF300D202BF /* icon-72.png */,
				308D052F1370CCF300D202BF /* icon.png */,
				308D05301370CCF300D202BF /* icon@2x.png */,
			);
			path = icons;
			sourceTree = "<group>";
		};
		308D05311370CCF300D202BF /* splash */ = {
			isa = PBXGroup;
			children = (
				D4A0D8751607E02300AEF8BB /* Default-568h@2x~iphone.png */,
				3088BBB7154F3926009F9C59 /* Default-Landscape@2x~ipad.png */,
				3088BBB8154F3926009F9C59 /* Default-Landscape~ipad.png */,
				3088BBB9154F3926009F9C59 /* Default-Portrait@2x~ipad.png */,
				3088BBBA154F3926009F9C59 /* Default-Portrait~ipad.png */,
				3088BBBB154F3926009F9C59 /* Default@2x~iphone.png */,
				3088BBBC154F3926009F9C59 /* Default~iphone.png */,
			);
			path = splash;
			sourceTree = "<group>";
		};
		30A0434214DC770100060A13 /* de.lproj */ = {
			isa = PBXGroup;
			children = (
				30A0434314DC770100060A13 /* Localizable.strings */,
			);
			path = de.lproj;
			sourceTree = "<group>";
		};
		30A0434514DC770100060A13 /* se.lproj */ = {
			isa = PBXGroup;
			children = (
				30A0434614DC770100060A13 /* Localizable.strings */,
			);
			path = se.lproj;
			sourceTree = "<group>";
		};
		EB87FDF11871DA420020F90C /* Staging */ = {
			isa = PBXGroup;
			children = (
				F840E1F0165FE0F500CFE078 /* config.xml */,
				301BF56E109A69640062928A /* www */,
			);
			name = Staging;
			sourceTree = "<group>";
		};
/* End PBXGroup section */

/* Begin PBXNativeTarget section */
		1D6058900D05DD3D006BFB54 /* Assassins */ = {
			isa = PBXNativeTarget;
			buildConfigurationList = 1D6058960D05DD3E006BFB54 /* Build configuration list for PBXNativeTarget "Assassins" */;
			buildPhases = (
				304B58A110DAC018002A0835 /* Copy www directory */,
				1D60588D0D05DD3D006BFB54 /* Resources */,
				1D60588E0D05DD3D006BFB54 /* Sources */,
				1D60588F0D05DD3D006BFB54 /* Frameworks */,
			);
			buildRules = (
			);
			dependencies = (
				301BF551109A68C00062928A /* PBXTargetDependency */,
			);
			name = "Assassins";
			productName = "Assassins";
			productReference = 1D6058910D05DD3D006BFB54 /* Assassins.app */;
			productType = "com.apple.product-type.application";
		};
/* End PBXNativeTarget section */

/* Begin PBXProject section */
		29B97313FDCFA39411CA2CEA /* Project object */ = {
			isa = PBXProject;
			attributes = {
				LastUpgradeCheck = 510;
			};
			buildConfigurationList = C01FCF4E08A954540054247B /* Build configuration list for PBXProject "__CLI__" */;
			compatibilityVersion = "Xcode 3.2";
			developmentRegion = English;
			hasScannedForEncodings = 1;
			knownRegions = (
				English,
				Japanese,
				French,
				German,
				en,
				es,
				de,
				se,
			);
			mainGroup = 29B97314FDCFA39411CA2CEA /* CustomTemplate */;
			projectDirPath = "";
			projectReferences = (
				{
					ProductGroup = 301BF52E109A57CC0062928A /* Products */;
					ProjectRef = 301BF52D109A57CC0062928A /* CordovaLib.xcodeproj */;
				},
			);
			projectRoot = "";
			targets = (
				1D6058900D05DD3D006BFB54 /* Assassins */,
			);
		};
/* End PBXProject section */

/* Begin PBXReferenceProxy section */
		301BF535109A57CC0062928A /* libCordova.a */ = {
			isa = PBXReferenceProxy;
			fileType = archive.ar;
			path = libCordova.a;
			remoteRef = 301BF534109A57CC0062928A /* PBXContainerItemProxy */;
			sourceTree = BUILT_PRODUCTS_DIR;
		};
/* End PBXReferenceProxy section */

/* Begin PBXResourcesBuildPhase section */
		1D60588D0D05DD3D006BFB54 /* Resources */ = {
			isa = PBXResourcesBuildPhase;
			buildActionMask = 2147483647;
			files = (
				7E7966E41810823500FA85AD /* icon-76.png in Resources */,
				7E7966DF1810823500FA85AD /* icon-40@2x.png in Resources */,
				308D05371370CCF300D202BF /* icon-72.png in Resources */,
				308D05381370CCF300D202BF /* icon.png in Resources */,
				308D05391370CCF300D202BF /* icon@2x.png in Resources */,
				1F766FE113BBADB100FB74C0 /* Localizable.strings in Resources */,
				302D95F214D2391D003F00A1 /* MainViewController.xib in Resources */,
				7E7966E01810823500FA85AD /* icon-50.png in Resources */,
				7E7966E31810823500FA85AD /* icon-60@2x.png in Resources */,
				30A0434814DC770100060A13 /* Localizable.strings in Resources */,
				7E7966E61810823500FA85AD /* icon-small.png in Resources */,
				3088BBBD154F3926009F9C59 /* Default-Landscape@2x~ipad.png in Resources */,
				3088BBBE154F3926009F9C59 /* Default-Landscape~ipad.png in Resources */,
				3088BBBF154F3926009F9C59 /* Default-Portrait@2x~ipad.png in Resources */,
				7E7966E71810823500FA85AD /* icon-small@2x.png in Resources */,
				3088BBC0154F3926009F9C59 /* Default-Portrait~ipad.png in Resources */,
				7E7966DE1810823500FA85AD /* icon-40.png in Resources */,
				3088BBC1154F3926009F9C59 /* Default@2x~iphone.png in Resources */,
				7E7966E21810823500FA85AD /* icon-60.png in Resources */,
				3088BBC2154F3926009F9C59 /* Default~iphone.png in Resources */,
				D4A0D8761607E02300AEF8BB /* Default-568h@2x~iphone.png in Resources */,
				7E7966E11810823500FA85AD /* icon-50@2x.png in Resources */,
				7E7966E51810823500FA85AD /* icon-76@2x.png in Resources */,
				30FC414916E50CA1004E6F35 /* icon-72@2x.png in Resources */,
			);
			runOnlyForDeploymentPostprocessing = 0;
		};
/* End PBXResourcesBuildPhase section */

/* Begin PBXShellScriptBuildPhase section */
		304B58A110DAC018002A0835 /* Copy www directory */ = {
			isa = PBXShellScriptBuildPhase;
			buildActionMask = 2147483647;
			files = (
			);
			inputPaths = (
			);
			name = "Copy www directory";
			outputPaths = (
			);
			runOnlyForDeploymentPostprocessing = 0;
			shellPath = /bin/sh;
			shellScript = "cordova/lib/copy-www-build-step.sh";
			showEnvVarsInLog = 0;
		};
/* End PBXShellScriptBuildPhase section */

/* Begin PBXSourcesBuildPhase section */
		1D60588E0D05DD3D006BFB54 /* Sources */ = {
			isa = PBXSourcesBuildPhase;
			buildActionMask = 2147483647;
			files = (
				1D60589B0D05DD56006BFB54 /* main.m in Sources */,
				1D3623260D0F684500981E51 /* AppDelegate.m in Sources */,
				302D95F114D2391D003F00A1 /* MainViewController.m in Sources */,
				B936372C1B9A43F19799FFAA /* CDVDevice.m in Sources */,
				0C961F78C4C545BAAEA58B08 /* PushNotificationPlugin.m in Sources */,
			);
			runOnlyForDeploymentPostprocessing = 0;
		};
/* End PBXSourcesBuildPhase section */

/* Begin PBXTargetDependency section */
		301BF551109A68C00062928A /* PBXTargetDependency */ = {
			isa = PBXTargetDependency;
			name = CordovaLib;
			targetProxy = 301BF550109A68C00062928A /* PBXContainerItemProxy */;
		};
/* End PBXTargetDependency section */

/* Begin PBXVariantGroup section */
		1F766FDC13BBADB100FB74C0 /* Localizable.strings */ = {
			isa = PBXVariantGroup;
			children = (
				1F766FDD13BBADB100FB74C0 /* en */,
			);
			name = Localizable.strings;
			sourceTree = "<group>";
		};
		1F766FDF13BBADB100FB74C0 /* Localizable.strings */ = {
			isa = PBXVariantGroup;
			children = (
				1F766FE013BBADB100FB74C0 /* es */,
			);
			name = Localizable.strings;
			sourceTree = "<group>";
		};
		30A0434314DC770100060A13 /* Localizable.strings */ = {
			isa = PBXVariantGroup;
			children = (
				30A0434414DC770100060A13 /* de */,
			);
			name = Localizable.strings;
			sourceTree = "<group>";
		};
		30A0434614DC770100060A13 /* Localizable.strings */ = {
			isa = PBXVariantGroup;
			children = (
				30A0434714DC770100060A13 /* se */,
			);
			name = Localizable.strings;
			sourceTree = "<group>";
		};
/* End PBXVariantGroup section */

/* Begin XCBuildConfiguration section */
		1D6058940D05DD3E006BFB54 /* Debug */ = {
			isa = XCBuildConfiguration;
			buildSettings = {
				ALWAYS_SEARCH_USER_PATHS = NO;
				CLANG_ENABLE_OBJC_ARC = YES;
				COPY_PHASE_STRIP = NO;
				GCC_DYNAMIC_NO_PIC = NO;
				GCC_OPTIMIZATION_LEVEL = 0;
				GCC_PRECOMPILE_PREFIX_HEADER = YES;
				GCC_PREFIX_HEADER = "Assassins/Assassins-Prefix.pch";
				GCC_THUMB_SUPPORT = NO;
				GCC_VERSION = "";
				INFOPLIST_FILE = "Assassins/Assassins-Info.plist";
				IPHONEOS_DEPLOYMENT_TARGET = 6.0;
				OTHER_LDFLAGS = (
					"-weak_framework",
					CoreFoundation,
					"-weak_framework",
					UIKit,
					"-weak_framework",
					AVFoundation,
					"-weak_framework",
					CoreMedia,
					"-weak-lSystem",
					"-force_load",
					"\"$(BUILT_PRODUCTS_DIR)/libCordova.a\"",
					"-ObjC",
				);
				PRODUCT_NAME = "Assassins";
				TARGETED_DEVICE_FAMILY = "1,2";
				LIBRARY_SEARCH_PATHS = (
					"$(inherited)",
					"\"$(SRCROOT)/Assassins/Plugins/com.urbanairship.phonegap.PushNotification\"",
				);
			};
			name = Debug;
		};
		1D6058950D05DD3E006BFB54 /* Release */ = {
			isa = XCBuildConfiguration;
			buildSettings = {
				ALWAYS_SEARCH_USER_PATHS = NO;
				CLANG_ENABLE_OBJC_ARC = YES;
				COPY_PHASE_STRIP = YES;
				GCC_PRECOMPILE_PREFIX_HEADER = YES;
				GCC_PREFIX_HEADER = "Assassins/Assassins-Prefix.pch";
				GCC_THUMB_SUPPORT = NO;
				GCC_VERSION = "";
				INFOPLIST_FILE = "Assassins/Assassins-Info.plist";
				IPHONEOS_DEPLOYMENT_TARGET = 6.0;
				OTHER_LDFLAGS = (
					"-weak_framework",
					CoreFoundation,
					"-weak_framework",
					UIKit,
					"-weak_framework",
					AVFoundation,
					"-weak_framework",
					CoreMedia,
					"-weak-lSystem",
					"-force_load",
					"\"$(BUILT_PRODUCTS_DIR)/libCordova.a\"",
					"-ObjC",
				);
				PRODUCT_NAME = "Assassins";
				TARGETED_DEVICE_FAMILY = "1,2";
				LIBRARY_SEARCH_PATHS = (
					"$(inherited)",
					"\"$(SRCROOT)/Assassins/Plugins/com.urbanairship.phonegap.PushNotification\"",
				);
			};
			name = Release;
		};
		C01FCF4F08A954540054247B /* Debug */ = {
			isa = XCBuildConfiguration;
			buildSettings = {
				CLANG_ENABLE_OBJC_ARC = YES;
				CLANG_WARN_BOOL_CONVERSION = YES;
				CLANG_WARN_CONSTANT_CONVERSION = YES;
				CLANG_WARN_EMPTY_BODY = YES;
				CLANG_WARN_ENUM_CONVERSION = YES;
				CLANG_WARN_INT_CONVERSION = YES;
				CLANG_WARN__DUPLICATE_METHOD_MATCH = YES;
				"CODE_SIGN_IDENTITY[sdk=iphoneos*]" = "iPhone Developer";
				GCC_C_LANGUAGE_STANDARD = c99;
				GCC_THUMB_SUPPORT = NO;
				GCC_VERSION = "";
				GCC_WARN_ABOUT_RETURN_TYPE = YES;
				GCC_WARN_UNDECLARED_SELECTOR = YES;
				GCC_WARN_UNINITIALIZED_AUTOS = YES;
				GCC_WARN_UNUSED_FUNCTION = YES;
				GCC_WARN_UNUSED_VARIABLE = YES;
				HEADER_SEARCH_PATHS = (
					"\"$(TARGET_BUILD_DIR)/usr/local/lib/include\"",
					"\"$(OBJROOT)/UninstalledProducts/include\"",
					"\"$(BUILT_PRODUCTS_DIR)\"",
				);
				IPHONEOS_DEPLOYMENT_TARGET = 6.0;
				ONLY_ACTIVE_ARCH = YES;
				OTHER_LDFLAGS = (
					"-weak_framework",
					CoreFoundation,
					"-weak_framework",
					UIKit,
					"-weak_framework",
					AVFoundation,
					"-weak_framework",
					CoreMedia,
					"-weak-lSystem",
					"-force_load",
					"\"$(BUILT_PRODUCTS_DIR)/libCordova.a\"",
					"-ObjC",
				);
				SDKROOT = iphoneos;
				SKIP_INSTALL = NO;
				USER_HEADER_SEARCH_PATHS = "";
			};
			name = Debug;
		};
		C01FCF5008A954540054247B /* Release */ = {
			isa = XCBuildConfiguration;
			buildSettings = {
				CLANG_ENABLE_OBJC_ARC = YES;
				CLANG_WARN_BOOL_CONVERSION = YES;
				CLANG_WARN_CONSTANT_CONVERSION = YES;
				CLANG_WARN_EMPTY_BODY = YES;
				CLANG_WARN_ENUM_CONVERSION = YES;
				CLANG_WARN_INT_CONVERSION = YES;
				CLANG_WARN__DUPLICATE_METHOD_MATCH = YES;
				"CODE_SIGN_IDENTITY[sdk=iphoneos*]" = "iPhone Developer";
				GCC_C_LANGUAGE_STANDARD = c99;
				GCC_THUMB_SUPPORT = NO;
				GCC_VERSION = "";
				GCC_WARN_ABOUT_RETURN_TYPE = YES;
				GCC_WARN_UNDECLARED_SELECTOR = YES;
				GCC_WARN_UNINITIALIZED_AUTOS = YES;
				GCC_WARN_UNUSED_FUNCTION = YES;
				GCC_WARN_UNUSED_VARIABLE = YES;
				HEADER_SEARCH_PATHS = (
					"\"$(TARGET_BUILD_DIR)/usr/local/lib/include\"",
					"\"$(OBJROOT)/UninstalledProducts/include\"",
					"\"$(BUILT_PRODUCTS_DIR)\"",
				);
				IPHONEOS_DEPLOYMENT_TARGET = 6.0;
				OTHER_LDFLAGS = (
					"-weak_framework",
					CoreFoundation,
					"-weak_framework",
					UIKit,
					"-weak_framework",
					AVFoundation,
					"-weak_framework",
					CoreMedia,
					"-weak-lSystem",
					"-force_load",
					"\"$(BUILT_PRODUCTS_DIR)/libCordova.a\"",
					"-ObjC",
				);
				SDKROOT = iphoneos;
				SKIP_INSTALL = NO;
				USER_HEADER_SEARCH_PATHS = "";
			};
			name = Release;
		};
/* End XCBuildConfiguration section */

/* Begin XCConfigurationList section */
		1D6058960D05DD3E006BFB54 /* Build configuration list for PBXNativeTarget "Assassins" */ = {
			isa = XCConfigurationList;
			buildConfigurations = (
				1D6058940D05DD3E006BFB54 /* Debug */,
				1D6058950D05DD3E006BFB54 /* Release */,
			);
			defaultConfigurationIsVisible = 0;
			defaultConfigurationName = Release;
		};
		C01FCF4E08A954540054247B /* Build configuration list for PBXProject "__CLI__" */ = {
			isa = XCConfigurationList;
			buildConfigurations = (
				C01FCF4F08A954540054247B /* Debug */,
				C01FCF5008A954540054247B /* Release */,
			);
			defaultConfigurationIsVisible = 0;
			defaultConfigurationName = Release;
		};
/* End XCConfigurationList section */
	};
	rootObject = 29B97313FDCFA39411CA2CEA /* Project object */;
}
