// !$*UTF8*$!
{
	archiveVersion = 1;
	classes = {
	};
	objectVersion = 46;
	objects = {
/* Begin PBXBuildFile section */
		1D3623260D0F684500981E51 /* AppDelegate.m in Sources */ = {isa = PBXBuildFile; fileRef = 1D3623250D0F684500981E51 /* AppDelegate.m */; };
		1D60589B0D05DD56006BFB54 /* main.m in Sources */ = {isa = PBXBuildFile; fileRef = 29B97316FDCFA39411CA2CEA /* main.m */; };
		1F766FE113BBADB100FB74C0 /* Localizable.strings in Resources */ = {isa = PBXBuildFile; fileRef = 1F766FDC13BBADB100FB74C0 /* Localizable.strings */; };
		288765FD0DF74451002DB57D /* CoreGraphics.framework in Frameworks */ = {isa = PBXBuildFile; fileRef = 288765FC0DF74451002DB57D /* CoreGraphics.framework */; };
		301BF552109A68D80062928A /* libCordova.a in Frameworks */ = {isa = PBXBuildFile; fileRef = 301BF535109A57CC0062928A /* libCordova.a */; };
		302D95F114D2391D003F00A1 /* MainViewController.m in Sources */ = {isa = PBXBuildFile; fileRef = 302D95EF14D2391D003F00A1 /* MainViewController.m */; };
		302D95F214D2391D003F00A1 /* MainViewController.xib in Resources */ = {isa = PBXBuildFile; fileRef = 302D95F014D2391D003F00A1 /* MainViewController.xib */; };
		305D5FD1115AB8F900A74A75 /* MobileCoreServices.framework in Frameworks */ = {isa = PBXBuildFile; fileRef = 305D5FD0115AB8F900A74A75 /* MobileCoreServices.framework */; };
		3088BBBD154F3926009F9C59 /* Default-Landscape@2x~ipad.png in Resources */ = {isa = PBXBuildFile; fileRef = 3088BBB7154F3926009F9C59 /* Default-Landscape@2x~ipad.png */; };
		3088BBBE154F3926009F9C59 /* Default-Landscape~ipad.png in Resources */ = {isa = PBXBuildFile; fileRef = 3088BBB8154F3926009F9C59 /* Default-Landscape~ipad.png */; };
		3088BBBF154F3926009F9C59 /* Default-Portrait@2x~ipad.png in Resources */ = {isa = PBXBuildFile; fileRef = 3088BBB9154F3926009F9C59 /* Default-Portrait@2x~ipad.png */; };
		3088BBC0154F3926009F9C59 /* Default-Portrait~ipad.png in Resources */ = {isa = PBXBuildFile; fileRef = 3088BBBA154F3926009F9C59 /* Default-Portrait~ipad.png */; };
		3088BBC1154F3926009F9C59 /* Default@2x~iphone.png in Resources */ = {isa = PBXBuildFile; fileRef = 3088BBBB154F3926009F9C59 /* Default@2x~iphone.png */; };
		3088BBC2154F3926009F9C59 /* Default~iphone.png in Resources */ = {isa = PBXBuildFile; fileRef = 3088BBBC154F3926009F9C59 /* Default~iphone.png */; };
		308D05371370CCF300D202BF /* icon-72.png in Resources */ = {isa = PBXBuildFile; fileRef = 308D052E1370CCF300D202BF /* icon-72.png */; };
		308D05381370CCF300D202BF /* icon.png in Resources */ = {isa = PBXBuildFile; fileRef = 308D052F1370CCF300D202BF /* icon.png */; };
		308D05391370CCF300D202BF /* icon@2x.png in Resources */ = {isa = PBXBuildFile; fileRef = 308D05301370CCF300D202BF /* icon@2x.png */; };
		30A0434814DC770100060A13 /* Localizable.strings in Resources */ = {isa = PBXBuildFile; fileRef = 30A0434314DC770100060A13 /* Localizable.strings */; };
		30FC414916E50CA1004E6F35 /* icon-72@2x.png in Resources */ = {isa = PBXBuildFile; fileRef = 30FC414816E50CA1004E6F35 /* icon-72@2x.png */; };
		5AEE5B35173C68D80009041E /* CoreLocation.framework in Frameworks */ = {isa = PBXBuildFile; fileRef = 5AEE5B34173C68D80009041E /* CoreLocation.framework */; };
		5B1594DD16A7569C00FEF299 /* AssetsLibrary.framework in Frameworks */ = {isa = PBXBuildFile; fileRef = 5B1594DC16A7569C00FEF299 /* AssetsLibrary.framework */; };
		7E7966DE1810823500FA85AD /* icon-40.png in Resources */ = {isa = PBXBuildFile; fileRef = 7E7966D41810823500FA85AD /* icon-40.png */; };
		7E7966DF1810823500FA85AD /* icon-40@2x.png in Resources */ = {isa = PBXBuildFile; fileRef = 7E7966D51810823500FA85AD /* icon-40@2x.png */; };
		7E7966E01810823500FA85AD /* icon-50.png in Resources */ = {isa = PBXBuildFile; fileRef = 7E7966D61810823500FA85AD /* icon-50.png */; };
		7E7966E11810823500FA85AD /* icon-50@2x.png in Resources */ = {isa = PBXBuildFile; fileRef = 7E7966D71810823500FA85AD /* icon-50@2x.png */; };
		7E7966E21810823500FA85AD /* icon-60.png in Resources */ = {isa = PBXBuildFile; fileRef = 7E7966D81810823500FA85AD /* icon-60.png */; };
		7E7966E31810823500FA85AD /* icon-60@2x.png in Resources */ = {isa = PBXBuildFile; fileRef = 7E7966D91810823500FA85AD /* icon-60@2x.png */; };
		7E7966E41810823500FA85AD /* icon-76.png in Resources */ = {isa = PBXBuildFile; fileRef = 7E7966DA1810823500FA85AD /* icon-76.png */; };
		7E7966E51810823500FA85AD /* icon-76@2x.png in Resources */ = {isa = PBXBuildFile; fileRef = 7E7966DB1810823500FA85AD /* icon-76@2x.png */; };
		7E7966E61810823500FA85AD /* icon-small.png in Resources */ = {isa = PBXBuildFile; fileRef = 7E7966DC1810823500FA85AD /* icon-small.png */; };
		7E7966E71810823500FA85AD /* icon-small@2x.png in Resources */ = {isa = PBXBuildFile; fileRef = 7E7966DD1810823500FA85AD /* icon-small@2x.png */; };
		D4A0D8761607E02300AEF8BB /* Default-568h@2x~iphone.png in Resources */ = {isa = PBXBuildFile; fileRef = D4A0D8751607E02300AEF8BB /* Default-568h@2x~iphone.png */; };
		B582D88FAB7F49B085C03183 /* libscanditsdk-iphone-4.0.0.a in Frameworks */ = {isa = PBXBuildFile; fileRef = C40A9CEDF4DB42F7AB39BCBD /* libscanditsdk-iphone-4.0.0.a */; };
		D27BB04B58434141B51FD3F6 /* ScanditSDK.mm in Resources */ = {isa = PBXBuildFile; fileRef = 06225159CA384B6BA2A69FA4 /* ScanditSDK.mm */; };
		5EA0807D399A48CAAFEF0B78 /* ScanditSDKRotatingBarcodePicker.m in Sources */ = {isa = PBXBuildFile; fileRef = 5957DA4C42204BB38F510931 /* ScanditSDKRotatingBarcodePicker.m */; };
		819EEBED1A5E437FBE666C6F /* beep.wav in Resources */ = {isa = PBXBuildFile; fileRef = 9B813D2581B341D184A4479D /* beep.wav */; };
		B7D478071DD5433B9DBCAF13 /* empty.cpp in Resources */ = {isa = PBXBuildFile; fileRef = 17EFA4ADBBC74E6192565100 /* empty.cpp */; };
		6D8D84BC14E74C7AAF7F2D85 /* poweredby.png in Resources */ = {isa = PBXBuildFile; fileRef = 87DEA97CEECC4BF1BA57A13B /* poweredby.png */; };
		5294616D567647F1985A50C1 /* poweredby@2x.png in Resources */ = {isa = PBXBuildFile; fileRef = D397F4E6201B45619369111B /* poweredby@2x.png */; };
		4DE39D4A11854D2D8B4FEEF4 /* flashlight-turn-off-icon.png in Resources */ = {isa = PBXBuildFile; fileRef = 59C70DFC580C413E9C557673 /* flashlight-turn-off-icon.png */; };
		273FF38F04C947E394545A4D /* flashlight-turn-off-icon@2x.png in Resources */ = {isa = PBXBuildFile; fileRef = 536DB0FAEA744FE4BD287FCA /* flashlight-turn-off-icon@2x.png */; };
		E47CFFCB25FC4D09B887BE1D /* flashlight-turn-on-icon.png in Resources */ = {isa = PBXBuildFile; fileRef = 0B295BE28F0747808C17B64A /* flashlight-turn-on-icon.png */; };
		2A65A4BAFC1943928E8FE6C6 /* flashlight-turn-on-icon@2x.png in Resources */ = {isa = PBXBuildFile; fileRef = 36A458956A2A42958054CDC3 /* flashlight-turn-on-icon@2x.png */; };
		EC231BED8CE247759C6F2B90 /* flashlight-turn-off-icon-pressed.png in Resources */ = {isa = PBXBuildFile; fileRef = E9A7060E1B27456DB80F3639 /* flashlight-turn-off-icon-pressed.png */; };
		815B814A4EA84B5E8A8247C6 /* flashlight-turn-off-icon-pressed@2x.png in Resources */ = {isa = PBXBuildFile; fileRef = 980F5378E1A046DCB9835E2A /* flashlight-turn-off-icon-pressed@2x.png */; };
		A17EDFD026DD4BE49BC158D5 /* flashlight-turn-on-icon-pressed.png in Resources */ = {isa = PBXBuildFile; fileRef = 40E8E77509864E2CBD08792F /* flashlight-turn-on-icon-pressed.png */; };
		04FAD003106B4B4196E5CA37 /* flashlight-turn-on-icon-pressed@2x.png in Resources */ = {isa = PBXBuildFile; fileRef = 9112952B93A64E22A92AE433 /* flashlight-turn-on-icon-pressed@2x.png */; };
		9A800A043DCB4C8C99C6A021 /* camera-swap-icon-pressed.png in Resources */ = {isa = PBXBuildFile; fileRef = 27532CC7AAFC40859744D49C /* camera-swap-icon-pressed.png */; };
		AAF5989BD6484750B84C7747 /* camera-swap-icon-pressed@2x.png in Resources */ = {isa = PBXBuildFile; fileRef = 7B6409E6CBDD4059BEE0085A /* camera-swap-icon-pressed@2x.png */; };
		A6FCB60699CE4945AA3F88D2 /* camera-swap-icon.png in Resources */ = {isa = PBXBuildFile; fileRef = 68A38C27E6CD4429A2721DEE /* camera-swap-icon.png */; };
		64BEAEA6A1DB4DAC81FBEA1F /* camera-swap-icon@2x.png in Resources */ = {isa = PBXBuildFile; fileRef = 0160D0040C7948E9AC5A3AA9 /* camera-swap-icon@2x.png */; };
		CE3ABE323E9C42FFBF9BFB1F /* AudioToolbox.framework in Frameworks */ = {isa = PBXBuildFile; fileRef = C0ABD27BDA274855ABB0D2F4 /* AudioToolbox.framework */; };
		5B65C101C7844E9BBFAAF3A7 /* AVFoundation.framework in Frameworks */ = {isa = PBXBuildFile; fileRef = D303A9DA532C495DAA10E4D2 /* AVFoundation.framework */; };
		03B44740E30647E7A6389613 /* CoreMedia.framework in Frameworks */ = {isa = PBXBuildFile; fileRef = F45E49F01A40421185BF4567 /* CoreMedia.framework */; };
		EA7F54591D044C9992CA90D4 /* CoreVideo.framework in Frameworks */ = {isa = PBXBuildFile; fileRef = 28FD9D6700684EF0A58A2984 /* CoreVideo.framework */; };
		ED42057E92B641EBB74B26A6 /* QuartzCore.framework in Frameworks */ = {isa = PBXBuildFile; fileRef = CE6490FCA0B342D28EF856DB /* QuartzCore.framework */; };
		106E4B5374F94851A0526F25 /* SystemConfiguration.framework in Frameworks */ = {isa = PBXBuildFile; fileRef = BB6A67B59F90404AA8F47CEB /* SystemConfiguration.framework */; };
		EC080F4A1C17401E9B568582 /* libiconv.dylib in Frameworks */ = {isa = PBXBuildFile; fileRef = 4AD18A5EE26F44E691861734 /* libiconv.dylib */; };
		259E447B6D224D44A9A51613 /* libz.dylib in Frameworks */ = {isa = PBXBuildFile; fileRef = A04988FB4C4F4ED7A2934F69 /* libz.dylib */; };
		99606270CB7A4CFA8BE636F2 /* libc++.dylib in Frameworks */ = {isa = PBXBuildFile; fileRef = AE1A7BD0381242C694D1CC25 /* libc++.dylib */; };
/* End PBXBuildFile section */

/* Begin PBXContainerItemProxy section */
		301BF534109A57CC0062928A /* PBXContainerItemProxy */ = {
			isa = PBXContainerItemProxy;
			containerPortal = 301BF52D109A57CC0062928A /* CordovaLib.xcodeproj */;
			proxyType = 2;
			remoteGlobalIDString = D2AAC07E0554694100DB518D;
			remoteInfo = CordovaLib;
		};
		301BF550109A68C00062928A /* PBXContainerItemProxy */ = {
			isa = PBXContainerItemProxy;
			containerPortal = 301BF52D109A57CC0062928A /* CordovaLib.xcodeproj */;
			proxyType = 1;
			remoteGlobalIDString = D2AAC07D0554694100DB518D;
			remoteInfo = CordovaLib;
		};
/* End PBXContainerItemProxy section */

/* Begin PBXFileReference section */
		1D3623240D0F684500981E51 /* AppDelegate.h */ = {isa = PBXFileReference; fileEncoding = 4; lastKnownFileType = sourcecode.c.h; path = AppDelegate.h; sourceTree = "<group>"; };
		1D3623250D0F684500981E51 /* AppDelegate.m */ = {isa = PBXFileReference; fileEncoding = 4; lastKnownFileType = sourcecode.c.objc; path = AppDelegate.m; sourceTree = "<group>"; };
		1D6058910D05DD3D006BFB54 /* HelloCordova.app */ = {isa = PBXFileReference; explicitFileType = wrapper.application; includeInIndex = 0; path = "HelloCordova.app"; sourceTree = BUILT_PRODUCTS_DIR; };
		1F766FDD13BBADB100FB74C0 /* en */ = {isa = PBXFileReference; lastKnownFileType = text.plist.strings; name = en; path = Localizable.strings; sourceTree = "<group>"; };
		1F766FE013BBADB100FB74C0 /* es */ = {isa = PBXFileReference; lastKnownFileType = text.plist.strings; name = es; path = Localizable.strings; sourceTree = "<group>"; };
		288765FC0DF74451002DB57D /* CoreGraphics.framework */ = {isa = PBXFileReference; lastKnownFileType = wrapper.framework; name = CoreGraphics.framework; path = System/Library/Frameworks/CoreGraphics.framework; sourceTree = SDKROOT; };
		29B97316FDCFA39411CA2CEA /* main.m */ = {isa = PBXFileReference; fileEncoding = 4; lastKnownFileType = sourcecode.c.objc; path = main.m; sourceTree = "<group>"; };
		301BF52D109A57CC0062928A /* CordovaLib.xcodeproj */ = {isa = PBXFileReference; lastKnownFileType = "wrapper.pb-project"; name = CordovaLib.xcodeproj; path = "CordovaLib/CordovaLib.xcodeproj"; sourceTree = "<group>"; };
		301BF56E109A69640062928A /* www */ = {isa = PBXFileReference; lastKnownFileType = folder; path = www; sourceTree = SOURCE_ROOT; };
		302D95EE14D2391D003F00A1 /* MainViewController.h */ = {isa = PBXFileReference; fileEncoding = 4; lastKnownFileType = sourcecode.c.h; path = MainViewController.h; sourceTree = "<group>"; };
		302D95EF14D2391D003F00A1 /* MainViewController.m */ = {isa = PBXFileReference; fileEncoding = 4; lastKnownFileType = sourcecode.c.objc; path = MainViewController.m; sourceTree = "<group>"; };
		302D95F014D2391D003F00A1 /* MainViewController.xib */ = {isa = PBXFileReference; fileEncoding = 4; lastKnownFileType = file.xib; path = MainViewController.xib; sourceTree = "<group>"; };
		305D5FD0115AB8F900A74A75 /* MobileCoreServices.framework */ = {isa = PBXFileReference; lastKnownFileType = wrapper.framework; name = MobileCoreServices.framework; path = System/Library/Frameworks/MobileCoreServices.framework; sourceTree = SDKROOT; };
		3088BBB7154F3926009F9C59 /* Default-Landscape@2x~ipad.png */ = {isa = PBXFileReference; lastKnownFileType = image.png; path = "Default-Landscape@2x~ipad.png"; sourceTree = "<group>"; };
		3088BBB8154F3926009F9C59 /* Default-Landscape~ipad.png */ = {isa = PBXFileReference; lastKnownFileType = image.png; path = "Default-Landscape~ipad.png"; sourceTree = "<group>"; };
		3088BBB9154F3926009F9C59 /* Default-Portrait@2x~ipad.png */ = {isa = PBXFileReference; lastKnownFileType = image.png; path = "Default-Portrait@2x~ipad.png"; sourceTree = "<group>"; };
		3088BBBA154F3926009F9C59 /* Default-Portrait~ipad.png */ = {isa = PBXFileReference; lastKnownFileType = image.png; path = "Default-Portrait~ipad.png"; sourceTree = "<group>"; };
		3088BBBB154F3926009F9C59 /* Default@2x~iphone.png */ = {isa = PBXFileReference; lastKnownFileType = image.png; path = "Default@2x~iphone.png"; sourceTree = "<group>"; };
		3088BBBC154F3926009F9C59 /* Default~iphone.png */ = {isa = PBXFileReference; lastKnownFileType = image.png; path = "Default~iphone.png"; sourceTree = "<group>"; };
		308D052E1370CCF300D202BF /* icon-72.png */ = {isa = PBXFileReference; lastKnownFileType = image.png; path = "icon-72.png"; sourceTree = "<group>"; };
		308D052F1370CCF300D202BF /* icon.png */ = {isa = PBXFileReference; lastKnownFileType = image.png; path = icon.png; sourceTree = "<group>"; };
		308D05301370CCF300D202BF /* icon@2x.png */ = {isa = PBXFileReference; lastKnownFileType = image.png; path = "icon@2x.png"; sourceTree = "<group>"; };
		30A0434414DC770100060A13 /* de */ = {isa = PBXFileReference; lastKnownFileType = text.plist.strings; name = de; path = Localizable.strings; sourceTree = "<group>"; };
		30A0434714DC770100060A13 /* se */ = {isa = PBXFileReference; lastKnownFileType = text.plist.strings; name = se; path = Localizable.strings; sourceTree = "<group>"; };
		30FC414816E50CA1004E6F35 /* icon-72@2x.png */ = {isa = PBXFileReference; lastKnownFileType = image.png; path = "icon-72@2x.png"; sourceTree = "<group>"; };
		32CA4F630368D1EE00C91783 /* HelloCordova-Prefix.pch */ = {isa = PBXFileReference; fileEncoding = 4; lastKnownFileType = sourcecode.c.h; path = "HelloCordova-Prefix.pch"; sourceTree = "<group>"; };
		5AEE5B34173C68D80009041E /* CoreLocation.framework */ = {isa = PBXFileReference; lastKnownFileType = wrapper.framework; name = CoreLocation.framework; path = System/Library/Frameworks/CoreLocation.framework; sourceTree = SDKROOT; };
		5B1594DC16A7569C00FEF299 /* AssetsLibrary.framework */ = {isa = PBXFileReference; lastKnownFileType = wrapper.framework; name = AssetsLibrary.framework; path = System/Library/Frameworks/AssetsLibrary.framework; sourceTree = SDKROOT; };
		7E7966D41810823500FA85AD /* icon-40.png */ = {isa = PBXFileReference; lastKnownFileType = image.png; path = "icon-40.png"; sourceTree = "<group>"; };
		7E7966D51810823500FA85AD /* icon-40@2x.png */ = {isa = PBXFileReference; lastKnownFileType = image.png; path = "icon-40@2x.png"; sourceTree = "<group>"; };
		7E7966D61810823500FA85AD /* icon-50.png */ = {isa = PBXFileReference; lastKnownFileType = image.png; path = "icon-50.png"; sourceTree = "<group>"; };
		7E7966D71810823500FA85AD /* icon-50@2x.png */ = {isa = PBXFileReference; lastKnownFileType = image.png; path = "icon-50@2x.png"; sourceTree = "<group>"; };
		7E7966D81810823500FA85AD /* icon-60.png */ = {isa = PBXFileReference; lastKnownFileType = image.png; path = "icon-60.png"; sourceTree = "<group>"; };
		7E7966D91810823500FA85AD /* icon-60@2x.png */ = {isa = PBXFileReference; lastKnownFileType = image.png; path = "icon-60@2x.png"; sourceTree = "<group>"; };
		7E7966DA1810823500FA85AD /* icon-76.png */ = {isa = PBXFileReference; lastKnownFileType = image.png; path = "icon-76.png"; sourceTree = "<group>"; };
		7E7966DB1810823500FA85AD /* icon-76@2x.png */ = {isa = PBXFileReference; lastKnownFileType = image.png; path = "icon-76@2x.png"; sourceTree = "<group>"; };
		7E7966DC1810823500FA85AD /* icon-small.png */ = {isa = PBXFileReference; lastKnownFileType = image.png; path = "icon-small.png"; sourceTree = "<group>"; };
		7E7966DD1810823500FA85AD /* icon-small@2x.png */ = {isa = PBXFileReference; lastKnownFileType = image.png; path = "icon-small@2x.png"; sourceTree = "<group>"; };
		8D1107310486CEB800E47090 /* HelloCordova-Info.plist */ = {isa = PBXFileReference; fileEncoding = 4; lastKnownFileType = text.plist.xml; name = "HelloCordova-Info.plist"; path = "../HelloCordova-Info.plist"; plistStructureDefinitionIdentifier = "com.apple.xcode.plist.structure-definition.iphone.info-plist"; sourceTree = "<group>"; };
		D4A0D8751607E02300AEF8BB /* Default-568h@2x~iphone.png */ = {isa = PBXFileReference; lastKnownFileType = image.png; path = "Default-568h@2x~iphone.png"; sourceTree = "<group>"; };
		EB87FDF21871DA7A0020F90C /* merges */ = {isa = PBXFileReference; lastKnownFileType = folder; name = merges; path = ../../merges; sourceTree = "<group>"; };
		EB87FDF31871DA8E0020F90C /* www */ = {isa = PBXFileReference; lastKnownFileType = folder; name = www; path = ../../www; sourceTree = "<group>"; };
		EB87FDF41871DAF40020F90C /* config.xml */ = {isa = PBXFileReference; lastKnownFileType = text.xml; name = config.xml; path = ../../config.xml; sourceTree = "<group>"; };
		F840E1F0165FE0F500CFE078 /* config.xml */ = {isa = PBXFileReference; lastKnownFileType = text.xml; name = config.xml; path = "HelloCordova/config.xml"; sourceTree = "<group>"; };
		C40A9CEDF4DB42F7AB39BCBD /* libscanditsdk-iphone-4.0.0.a */ = {isa = PBXFileReference; lastKnownFileType = archive.ar; name = "libscanditsdk-iphone-4.0.0.a"; path = "HelloCordova/Plugins/com.mirasense.scanditsdk.plugin/ScanditSDK/libscanditsdk-iphone-4.0.0.a"; sourceTree = "<group>"; fileEncoding = 4; };
		06225159CA384B6BA2A69FA4 /* ScanditSDK.mm */ = {isa = PBXFileReference; lastKnownFileType = unknown; name = "ScanditSDK.mm"; path = "com.mirasense.scanditsdk.plugin/ScanditSDK.mm"; sourceTree = "<group>"; fileEncoding = 4; };
		5957DA4C42204BB38F510931 /* ScanditSDKRotatingBarcodePicker.m */ = {isa = PBXFileReference; lastKnownFileType = sourcecode.c.objc; name = "ScanditSDKRotatingBarcodePicker.m"; path = "com.mirasense.scanditsdk.plugin/ScanditSDKRotatingBarcodePicker.m"; sourceTree = "<group>"; fileEncoding = 4; };
		C415942A39794E5CA3A14E83 /* ScanditSDKBarcodePicker.h */ = {isa = PBXFileReference; lastKnownFileType = sourcecode.c.h; name = "ScanditSDKBarcodePicker.h"; path = "com.mirasense.scanditsdk.plugin/ScanditSDK/ScanditSDKBarcodePicker.h"; sourceTree = "<group>"; fileEncoding = 4; };
		0BDC8C57E7A148FBA7718F49 /* ScanditSDKOverlayController.h */ = {isa = PBXFileReference; lastKnownFileType = sourcecode.c.h; name = "ScanditSDKOverlayController.h"; path = "com.mirasense.scanditsdk.plugin/ScanditSDK/ScanditSDKOverlayController.h"; sourceTree = "<group>"; fileEncoding = 4; };
		B5BDC908673E45E8BA83C857 /* ScanditSDK.h */ = {isa = PBXFileReference; lastKnownFileType = sourcecode.c.h; name = "ScanditSDK.h"; path = "com.mirasense.scanditsdk.plugin/ScanditSDK.h"; sourceTree = "<group>"; fileEncoding = 4; };
		0A712A1A782F402E85AAD6A9 /* ScanditSDKRotatingBarcodePicker.h */ = {isa = PBXFileReference; lastKnownFileType = sourcecode.c.h; name = "ScanditSDKRotatingBarcodePicker.h"; path = "com.mirasense.scanditsdk.plugin/ScanditSDKRotatingBarcodePicker.h"; sourceTree = "<group>"; fileEncoding = 4; };
		9B813D2581B341D184A4479D /* beep.wav */ = {isa = PBXFileReference; lastKnownFileType = unknown; name = "beep.wav"; path = "beep.wav"; sourceTree = "<group>"; fileEncoding = 4; };
		17EFA4ADBBC74E6192565100 /* empty.cpp */ = {isa = PBXFileReference; lastKnownFileType = unknown; name = "empty.cpp"; path = "empty.cpp"; sourceTree = "<group>"; fileEncoding = 4; };
		87DEA97CEECC4BF1BA57A13B /* poweredby.png */ = {isa = PBXFileReference; lastKnownFileType = unknown; name = "poweredby.png"; path = "poweredby.png"; sourceTree = "<group>"; fileEncoding = 4; };
		D397F4E6201B45619369111B /* poweredby@2x.png */ = {isa = PBXFileReference; lastKnownFileType = unknown; name = "poweredby@2x.png"; path = "poweredby@2x.png"; sourceTree = "<group>"; fileEncoding = 4; };
		59C70DFC580C413E9C557673 /* flashlight-turn-off-icon.png */ = {isa = PBXFileReference; lastKnownFileType = unknown; name = "flashlight-turn-off-icon.png"; path = "flashlight-turn-off-icon.png"; sourceTree = "<group>"; fileEncoding = 4; };
		536DB0FAEA744FE4BD287FCA /* flashlight-turn-off-icon@2x.png */ = {isa = PBXFileReference; lastKnownFileType = unknown; name = "flashlight-turn-off-icon@2x.png"; path = "flashlight-turn-off-icon@2x.png"; sourceTree = "<group>"; fileEncoding = 4; };
		0B295BE28F0747808C17B64A /* flashlight-turn-on-icon.png */ = {isa = PBXFileReference; lastKnownFileType = unknown; name = "flashlight-turn-on-icon.png"; path = "flashlight-turn-on-icon.png"; sourceTree = "<group>"; fileEncoding = 4; };
		36A458956A2A42958054CDC3 /* flashlight-turn-on-icon@2x.png */ = {isa = PBXFileReference; lastKnownFileType = unknown; name = "flashlight-turn-on-icon@2x.png"; path = "flashlight-turn-on-icon@2x.png"; sourceTree = "<group>"; fileEncoding = 4; };
		E9A7060E1B27456DB80F3639 /* flashlight-turn-off-icon-pressed.png */ = {isa = PBXFileReference; lastKnownFileType = unknown; name = "flashlight-turn-off-icon-pressed.png"; path = "flashlight-turn-off-icon-pressed.png"; sourceTree = "<group>"; fileEncoding = 4; };
		980F5378E1A046DCB9835E2A /* flashlight-turn-off-icon-pressed@2x.png */ = {isa = PBXFileReference; lastKnownFileType = unknown; name = "flashlight-turn-off-icon-pressed@2x.png"; path = "flashlight-turn-off-icon-pressed@2x.png"; sourceTree = "<group>"; fileEncoding = 4; };
		40E8E77509864E2CBD08792F /* flashlight-turn-on-icon-pressed.png */ = {isa = PBXFileReference; lastKnownFileType = unknown; name = "flashlight-turn-on-icon-pressed.png"; path = "flashlight-turn-on-icon-pressed.png"; sourceTree = "<group>"; fileEncoding = 4; };
		9112952B93A64E22A92AE433 /* flashlight-turn-on-icon-pressed@2x.png */ = {isa = PBXFileReference; lastKnownFileType = unknown; name = "flashlight-turn-on-icon-pressed@2x.png"; path = "flashlight-turn-on-icon-pressed@2x.png"; sourceTree = "<group>"; fileEncoding = 4; };
		27532CC7AAFC40859744D49C /* camera-swap-icon-pressed.png */ = {isa = PBXFileReference; lastKnownFileType = unknown; name = "camera-swap-icon-pressed.png"; path = "camera-swap-icon-pressed.png"; sourceTree = "<group>"; fileEncoding = 4; };
		7B6409E6CBDD4059BEE0085A /* camera-swap-icon-pressed@2x.png */ = {isa = PBXFileReference; lastKnownFileType = unknown; name = "camera-swap-icon-pressed@2x.png"; path = "camera-swap-icon-pressed@2x.png"; sourceTree = "<group>"; fileEncoding = 4; };
		68A38C27E6CD4429A2721DEE /* camera-swap-icon.png */ = {isa = PBXFileReference; lastKnownFileType = unknown; name = "camera-swap-icon.png"; path = "camera-swap-icon.png"; sourceTree = "<group>"; fileEncoding = 4; };
		0160D0040C7948E9AC5A3AA9 /* camera-swap-icon@2x.png */ = {isa = PBXFileReference; lastKnownFileType = unknown; name = "camera-swap-icon@2x.png"; path = "camera-swap-icon@2x.png"; sourceTree = "<group>"; fileEncoding = 4; };
		C0ABD27BDA274855ABB0D2F4 /* AudioToolbox.framework */ = {isa = PBXFileReference; lastKnownFileType = wrapper.framework; name = "AudioToolbox.framework"; path = "System/Library/Frameworks/AudioToolbox.framework"; sourceTree = SDKROOT; fileEncoding = 4; };
		D303A9DA532C495DAA10E4D2 /* AVFoundation.framework */ = {isa = PBXFileReference; lastKnownFileType = wrapper.framework; name = "AVFoundation.framework"; path = "System/Library/Frameworks/AVFoundation.framework"; sourceTree = SDKROOT; fileEncoding = 4; };
		F45E49F01A40421185BF4567 /* CoreMedia.framework */ = {isa = PBXFileReference; lastKnownFileType = wrapper.framework; name = "CoreMedia.framework"; path = "System/Library/Frameworks/CoreMedia.framework"; sourceTree = SDKROOT; fileEncoding = 4; };
		28FD9D6700684EF0A58A2984 /* CoreVideo.framework */ = {isa = PBXFileReference; lastKnownFileType = wrapper.framework; name = "CoreVideo.framework"; path = "System/Library/Frameworks/CoreVideo.framework"; sourceTree = SDKROOT; fileEncoding = 4; };
		CE6490FCA0B342D28EF856DB /* QuartzCore.framework */ = {isa = PBXFileReference; lastKnownFileType = wrapper.framework; name = "QuartzCore.framework"; path = "System/Library/Frameworks/QuartzCore.framework"; sourceTree = SDKROOT; fileEncoding = 4; };
		BB6A67B59F90404AA8F47CEB /* SystemConfiguration.framework */ = {isa = PBXFileReference; lastKnownFileType = wrapper.framework; name = "SystemConfiguration.framework"; path = "System/Library/Frameworks/SystemConfiguration.framework"; sourceTree = SDKROOT; fileEncoding = 4; };
		4AD18A5EE26F44E691861734 /* libiconv.dylib */ = {isa = PBXFileReference; lastKnownFileType = "compiled.mach-o.dylib"; name = "libiconv.dylib"; path = "usr/lib/libiconv.dylib"; sourceTree = SDKROOT; fileEncoding = 4; };
		A04988FB4C4F4ED7A2934F69 /* libz.dylib */ = {isa = PBXFileReference; lastKnownFileType = "compiled.mach-o.dylib"; name = "libz.dylib"; path = "usr/lib/libz.dylib"; sourceTree = SDKROOT; fileEncoding = 4; };
		AE1A7BD0381242C694D1CC25 /* libc++.dylib */ = {isa = PBXFileReference; lastKnownFileType = "compiled.mach-o.dylib"; name = "libc++.dylib"; path = "usr/lib/libc++.dylib"; sourceTree = SDKROOT; fileEncoding = 4; };
/* End PBXFileReference section */

/* Begin PBXFrameworksBuildPhase section */
		1D60588F0D05DD3D006BFB54 /* Frameworks */ = {
			isa = PBXFrameworksBuildPhase;
			buildActionMask = 2147483647;
			files = (
				5B1594DD16A7569C00FEF299 /* AssetsLibrary.framework in Frameworks */,
				301BF552109A68D80062928A /* libCordova.a in Frameworks */,
				288765FD0DF74451002DB57D /* CoreGraphics.framework in Frameworks */,
				305D5FD1115AB8F900A74A75 /* MobileCoreServices.framework in Frameworks */,
				5AEE5B35173C68D80009041E /* CoreLocation.framework in Frameworks */,
				B582D88FAB7F49B085C03183 /* libscanditsdk-iphone-4.0.0.a in Frameworks */,
				CE3ABE323E9C42FFBF9BFB1F /* AudioToolbox.framework in Frameworks */,
				5B65C101C7844E9BBFAAF3A7 /* AVFoundation.framework in Frameworks */,
				03B44740E30647E7A6389613 /* CoreMedia.framework in Frameworks */,
				EA7F54591D044C9992CA90D4 /* CoreVideo.framework in Frameworks */,
				ED42057E92B641EBB74B26A6 /* QuartzCore.framework in Frameworks */,
				106E4B5374F94851A0526F25 /* SystemConfiguration.framework in Frameworks */,
				EC080F4A1C17401E9B568582 /* libiconv.dylib in Frameworks */,
				259E447B6D224D44A9A51613 /* libz.dylib in Frameworks */,
				99606270CB7A4CFA8BE636F2 /* libc++.dylib in Frameworks */,
			);
			runOnlyForDeploymentPostprocessing = 0;
		};
/* End PBXFrameworksBuildPhase section */

/* Begin PBXGroup section */
		080E96DDFE201D6D7F000001 /* Classes */ = {
			isa = PBXGroup;
			children = (
				302D95EE14D2391D003F00A1 /* MainViewController.h */,
				302D95EF14D2391D003F00A1 /* MainViewController.m */,
				302D95F014D2391D003F00A1 /* MainViewController.xib */,
				1D3623240D0F684500981E51 /* AppDelegate.h */,
				1D3623250D0F684500981E51 /* AppDelegate.m */,
			);
			name = Classes;
			path = "HelloCordova/Classes";
			sourceTree = SOURCE_ROOT;
		};
		19C28FACFE9D520D11CA2CBB /* Products */ = {
			isa = PBXGroup;
			children = (
				1D6058910D05DD3D006BFB54 /* HelloCordova.app */,
			);
			name = Products;
			sourceTree = "<group>";
		};
		1F766FDB13BBADB100FB74C0 /* en.lproj */ = {
			isa = PBXGroup;
			children = (
				1F766FDC13BBADB100FB74C0 /* Localizable.strings */,
			);
			path = en.lproj;
			sourceTree = "<group>";
		};
		1F766FDE13BBADB100FB74C0 /* es.lproj */ = {
			isa = PBXGroup;
			children = (
				1F766FDF13BBADB100FB74C0 /* Localizable.strings */,
			);
			path = es.lproj;
			sourceTree = "<group>";
		};
		29B97314FDCFA39411CA2CEA /* CustomTemplate */ = {
			isa = PBXGroup;
			children = (
				EB87FDF41871DAF40020F90C /* config.xml */,
				EB87FDF31871DA8E0020F90C /* www */,
				EB87FDF21871DA7A0020F90C /* merges */,
				EB87FDF11871DA420020F90C /* Staging */,
				301BF52D109A57CC0062928A /* CordovaLib.xcodeproj */,
				080E96DDFE201D6D7F000001 /* Classes */,
				307C750510C5A3420062BCA9 /* Plugins */,
				29B97315FDCFA39411CA2CEA /* Other Sources */,
				29B97317FDCFA39411CA2CEA /* Resources */,
				29B97323FDCFA39411CA2CEA /* Frameworks */,
				19C28FACFE9D520D11CA2CBB /* Products */,
			);
			name = CustomTemplate;
			sourceTree = "<group>";
		};
		29B97315FDCFA39411CA2CEA /* Other Sources */ = {
			isa = PBXGroup;
			children = (
				32CA4F630368D1EE00C91783 /* HelloCordova-Prefix.pch */,
				29B97316FDCFA39411CA2CEA /* main.m */,
			);
			name = "Other Sources";
			path = "HelloCordova";
			sourceTree = "<group>";
		};
		29B97317FDCFA39411CA2CEA /* Resources */ = {
			isa = PBXGroup;
			children = (
				30A0434214DC770100060A13 /* de.lproj */,
				30A0434514DC770100060A13 /* se.lproj */,
				1F766FDB13BBADB100FB74C0 /* en.lproj */,
				1F766FDE13BBADB100FB74C0 /* es.lproj */,
				308D052D1370CCF300D202BF /* icons */,
				308D05311370CCF300D202BF /* splash */,
				8D1107310486CEB800E47090 /* HelloCordova-Info.plist */,
				9B813D2581B341D184A4479D /* beep.wav */,
				17EFA4ADBBC74E6192565100 /* empty.cpp */,
				87DEA97CEECC4BF1BA57A13B /* poweredby.png */,
				D397F4E6201B45619369111B /* poweredby@2x.png */,
				59C70DFC580C413E9C557673 /* flashlight-turn-off-icon.png */,
				536DB0FAEA744FE4BD287FCA /* flashlight-turn-off-icon@2x.png */,
				0B295BE28F0747808C17B64A /* flashlight-turn-on-icon.png */,
				36A458956A2A42958054CDC3 /* flashlight-turn-on-icon@2x.png */,
				E9A7060E1B27456DB80F3639 /* flashlight-turn-off-icon-pressed.png */,
				980F5378E1A046DCB9835E2A /* flashlight-turn-off-icon-pressed@2x.png */,
				40E8E77509864E2CBD08792F /* flashlight-turn-on-icon-pressed.png */,
				9112952B93A64E22A92AE433 /* flashlight-turn-on-icon-pressed@2x.png */,
				27532CC7AAFC40859744D49C /* camera-swap-icon-pressed.png */,
				7B6409E6CBDD4059BEE0085A /* camera-swap-icon-pressed@2x.png */,
				68A38C27E6CD4429A2721DEE /* camera-swap-icon.png */,
				0160D0040C7948E9AC5A3AA9 /* camera-swap-icon@2x.png */,
			);
			name = Resources;
			path = "HelloCordova/Resources";
			sourceTree = "<group>";
		};
		29B97323FDCFA39411CA2CEA /* Frameworks */ = {
			isa = PBXGroup;
			children = (
				5AEE5B34173C68D80009041E /* CoreLocation.framework */,
				5B1594DC16A7569C00FEF299 /* AssetsLibrary.framework */,
				288765FC0DF74451002DB57D /* CoreGraphics.framework */,
				305D5FD0115AB8F900A74A75 /* MobileCoreServices.framework */,
				C40A9CEDF4DB42F7AB39BCBD /* libscanditsdk-iphone-4.0.0.a */,
				C0ABD27BDA274855ABB0D2F4 /* AudioToolbox.framework */,
				D303A9DA532C495DAA10E4D2 /* AVFoundation.framework */,
				F45E49F01A40421185BF4567 /* CoreMedia.framework */,
				28FD9D6700684EF0A58A2984 /* CoreVideo.framework */,
				CE6490FCA0B342D28EF856DB /* QuartzCore.framework */,
				BB6A67B59F90404AA8F47CEB /* SystemConfiguration.framework */,
				4AD18A5EE26F44E691861734 /* libiconv.dylib */,
				A04988FB4C4F4ED7A2934F69 /* libz.dylib */,
				AE1A7BD0381242C694D1CC25 /* libc++.dylib */,
			);
			name = Frameworks;
			sourceTree = "<group>";
		};
		301BF52E109A57CC0062928A /* Products */ = {
			isa = PBXGroup;
			children = (
				301BF535109A57CC0062928A /* libCordova.a */,
			);
			name = Products;
			sourceTree = "<group>";
		};
		307C750510C5A3420062BCA9 /* Plugins */ = {
			isa = PBXGroup;
			children = (
				06225159CA384B6BA2A69FA4 /* ScanditSDK.mm */,
				5957DA4C42204BB38F510931 /* ScanditSDKRotatingBarcodePicker.m */,
				C415942A39794E5CA3A14E83 /* ScanditSDKBarcodePicker.h */,
				0BDC8C57E7A148FBA7718F49 /* ScanditSDKOverlayController.h */,
				B5BDC908673E45E8BA83C857 /* ScanditSDK.h */,
				0A712A1A782F402E85AAD6A9 /* ScanditSDKRotatingBarcodePicker.h */,
			);
			name = Plugins;
			path = "HelloCordova/Plugins";
			sourceTree = SOURCE_ROOT;
		};
		308D052D1370CCF300D202BF /* icons */ = {
			isa = PBXGroup;
			children = (
				7E7966D41810823500FA85AD /* icon-40.png */,
				7E7966D51810823500FA85AD /* icon-40@2x.png */,
				7E7966D61810823500FA85AD /* icon-50.png */,
				7E7966D71810823500FA85AD /* icon-50@2x.png */,
				7E7966D81810823500FA85AD /* icon-60.png */,
				7E7966D91810823500FA85AD /* icon-60@2x.png */,
				7E7966DA1810823500FA85AD /* icon-76.png */,
				7E7966DB1810823500FA85AD /* icon-76@2x.png */,
				7E7966DC1810823500FA85AD /* icon-small.png */,
				7E7966DD1810823500FA85AD /* icon-small@2x.png */,
				30FC414816E50CA1004E6F35 /* icon-72@2x.png */,
				308D052E1370CCF300D202BF /* icon-72.png */,
				308D052F1370CCF300D202BF /* icon.png */,
				308D05301370CCF300D202BF /* icon@2x.png */,
			);
			path = icons;
			sourceTree = "<group>";
		};
		308D05311370CCF300D202BF /* splash */ = {
			isa = PBXGroup;
			children = (
				D4A0D8751607E02300AEF8BB /* Default-568h@2x~iphone.png */,
				3088BBB7154F3926009F9C59 /* Default-Landscape@2x~ipad.png */,
				3088BBB8154F3926009F9C59 /* Default-Landscape~ipad.png */,
				3088BBB9154F3926009F9C59 /* Default-Portrait@2x~ipad.png */,
				3088BBBA154F3926009F9C59 /* Default-Portrait~ipad.png */,
				3088BBBB154F3926009F9C59 /* Default@2x~iphone.png */,
				3088BBBC154F3926009F9C59 /* Default~iphone.png */,
			);
			path = splash;
			sourceTree = "<group>";
		};
		30A0434214DC770100060A13 /* de.lproj */ = {
			isa = PBXGroup;
			children = (
				30A0434314DC770100060A13 /* Localizable.strings */,
			);
			path = de.lproj;
			sourceTree = "<group>";
		};
		30A0434514DC770100060A13 /* se.lproj */ = {
			isa = PBXGroup;
			children = (
				30A0434614DC770100060A13 /* Localizable.strings */,
			);
			path = se.lproj;
			sourceTree = "<group>";
		};
		EB87FDF11871DA420020F90C /* Staging */ = {
			isa = PBXGroup;
			children = (
				F840E1F0165FE0F500CFE078 /* config.xml */,
				301BF56E109A69640062928A /* www */,
			);
			name = Staging;
			sourceTree = "<group>";
		};
/* End PBXGroup section */

/* Begin PBXNativeTarget section */
		1D6058900D05DD3D006BFB54 /* HelloCordova */ = {
			isa = PBXNativeTarget;
			buildConfigurationList = 1D6058960D05DD3E006BFB54 /* Build configuration list for PBXNativeTarget "HelloCordova" */;
			buildPhases = (
				304B58A110DAC018002A0835 /* Copy www directory */,
				1D60588D0D05DD3D006BFB54 /* Resources */,
				1D60588E0D05DD3D006BFB54 /* Sources */,
				1D60588F0D05DD3D006BFB54 /* Frameworks */,
			);
			buildRules = (
			);
			dependencies = (
				301BF551109A68C00062928A /* PBXTargetDependency */,
			);
			name = "HelloCordova";
			productName = "HelloCordova";
			productReference = 1D6058910D05DD3D006BFB54 /* HelloCordova.app */;
			productType = "com.apple.product-type.application";
		};
/* End PBXNativeTarget section */

/* Begin PBXProject section */
		29B97313FDCFA39411CA2CEA /* Project object */ = {
			isa = PBXProject;
			attributes = {
				LastUpgradeCheck = 510;
			};
			buildConfigurationList = C01FCF4E08A954540054247B /* Build configuration list for PBXProject "__CLI__" */;
			compatibilityVersion = "Xcode 3.2";
			developmentRegion = English;
			hasScannedForEncodings = 1;
			knownRegions = (
				English,
				Japanese,
				French,
				German,
				en,
				es,
				de,
				se,
			);
			mainGroup = 29B97314FDCFA39411CA2CEA /* CustomTemplate */;
			projectDirPath = "";
			projectReferences = (
				{
					ProductGroup = 301BF52E109A57CC0062928A /* Products */;
					ProjectRef = 301BF52D109A57CC0062928A /* CordovaLib.xcodeproj */;
				},
			);
			projectRoot = "";
			targets = (
				1D6058900D05DD3D006BFB54 /* HelloCordova */,
			);
		};
/* End PBXProject section */

/* Begin PBXReferenceProxy section */
		301BF535109A57CC0062928A /* libCordova.a */ = {
			isa = PBXReferenceProxy;
			fileType = archive.ar;
			path = libCordova.a;
			remoteRef = 301BF534109A57CC0062928A /* PBXContainerItemProxy */;
			sourceTree = BUILT_PRODUCTS_DIR;
		};
/* End PBXReferenceProxy section */

/* Begin PBXResourcesBuildPhase section */
		1D60588D0D05DD3D006BFB54 /* Resources */ = {
			isa = PBXResourcesBuildPhase;
			buildActionMask = 2147483647;
			files = (
				7E7966E41810823500FA85AD /* icon-76.png in Resources */,
				7E7966DF1810823500FA85AD /* icon-40@2x.png in Resources */,
				308D05371370CCF300D202BF /* icon-72.png in Resources */,
				308D05381370CCF300D202BF /* icon.png in Resources */,
				308D05391370CCF300D202BF /* icon@2x.png in Resources */,
				1F766FE113BBADB100FB74C0 /* Localizable.strings in Resources */,
				302D95F214D2391D003F00A1 /* MainViewController.xib in Resources */,
				7E7966E01810823500FA85AD /* icon-50.png in Resources */,
				7E7966E31810823500FA85AD /* icon-60@2x.png in Resources */,
				30A0434814DC770100060A13 /* Localizable.strings in Resources */,
				7E7966E61810823500FA85AD /* icon-small.png in Resources */,
				3088BBBD154F3926009F9C59 /* Default-Landscape@2x~ipad.png in Resources */,
				3088BBBE154F3926009F9C59 /* Default-Landscape~ipad.png in Resources */,
				3088BBBF154F3926009F9C59 /* Default-Portrait@2x~ipad.png in Resources */,
				7E7966E71810823500FA85AD /* icon-small@2x.png in Resources */,
				3088BBC0154F3926009F9C59 /* Default-Portrait~ipad.png in Resources */,
				7E7966DE1810823500FA85AD /* icon-40.png in Resources */,
				3088BBC1154F3926009F9C59 /* Default@2x~iphone.png in Resources */,
				7E7966E21810823500FA85AD /* icon-60.png in Resources */,
				3088BBC2154F3926009F9C59 /* Default~iphone.png in Resources */,
				D4A0D8761607E02300AEF8BB /* Default-568h@2x~iphone.png in Resources */,
				7E7966E11810823500FA85AD /* icon-50@2x.png in Resources */,
				7E7966E51810823500FA85AD /* icon-76@2x.png in Resources */,
				30FC414916E50CA1004E6F35 /* icon-72@2x.png in Resources */,
				819EEBED1A5E437FBE666C6F /* beep.wav in Resources */,
				B7D478071DD5433B9DBCAF13 /* empty.cpp in Resources */,
				6D8D84BC14E74C7AAF7F2D85 /* poweredby.png in Resources */,
				5294616D567647F1985A50C1 /* poweredby@2x.png in Resources */,
				4DE39D4A11854D2D8B4FEEF4 /* flashlight-turn-off-icon.png in Resources */,
				273FF38F04C947E394545A4D /* flashlight-turn-off-icon@2x.png in Resources */,
				E47CFFCB25FC4D09B887BE1D /* flashlight-turn-on-icon.png in Resources */,
				2A65A4BAFC1943928E8FE6C6 /* flashlight-turn-on-icon@2x.png in Resources */,
				EC231BED8CE247759C6F2B90 /* flashlight-turn-off-icon-pressed.png in Resources */,
				815B814A4EA84B5E8A8247C6 /* flashlight-turn-off-icon-pressed@2x.png in Resources */,
				A17EDFD026DD4BE49BC158D5 /* flashlight-turn-on-icon-pressed.png in Resources */,
				04FAD003106B4B4196E5CA37 /* flashlight-turn-on-icon-pressed@2x.png in Resources */,
				9A800A043DCB4C8C99C6A021 /* camera-swap-icon-pressed.png in Resources */,
				AAF5989BD6484750B84C7747 /* camera-swap-icon-pressed@2x.png in Resources */,
				A6FCB60699CE4945AA3F88D2 /* camera-swap-icon.png in Resources */,
				64BEAEA6A1DB4DAC81FBEA1F /* camera-swap-icon@2x.png in Resources */,
			);
			runOnlyForDeploymentPostprocessing = 0;
		};
/* End PBXResourcesBuildPhase section */

/* Begin PBXShellScriptBuildPhase section */
		304B58A110DAC018002A0835 /* Copy www directory */ = {
			isa = PBXShellScriptBuildPhase;
			buildActionMask = 2147483647;
			files = (
			);
			inputPaths = (
			);
			name = "Copy www directory";
			outputPaths = (
			);
			runOnlyForDeploymentPostprocessing = 0;
			shellPath = /bin/sh;
			shellScript = "cordova/lib/copy-www-build-step.sh";
			showEnvVarsInLog = 0;
		};
/* End PBXShellScriptBuildPhase section */

/* Begin PBXSourcesBuildPhase section */
		1D60588E0D05DD3D006BFB54 /* Sources */ = {
			isa = PBXSourcesBuildPhase;
			buildActionMask = 2147483647;
			files = (
				1D60589B0D05DD56006BFB54 /* main.m in Sources */,
				1D3623260D0F684500981E51 /* AppDelegate.m in Sources */,
				302D95F114D2391D003F00A1 /* MainViewController.m in Sources */,
				D27BB04B58434141B51FD3F6 /* ScanditSDK.mm in Resources */,
				5EA0807D399A48CAAFEF0B78 /* ScanditSDKRotatingBarcodePicker.m in Sources */,
			);
			runOnlyForDeploymentPostprocessing = 0;
		};
/* End PBXSourcesBuildPhase section */

/* Begin PBXTargetDependency section */
		301BF551109A68C00062928A /* PBXTargetDependency */ = {
			isa = PBXTargetDependency;
			name = CordovaLib;
			targetProxy = 301BF550109A68C00062928A /* PBXContainerItemProxy */;
		};
/* End PBXTargetDependency section */

/* Begin PBXVariantGroup section */
		1F766FDC13BBADB100FB74C0 /* Localizable.strings */ = {
			isa = PBXVariantGroup;
			children = (
				1F766FDD13BBADB100FB74C0 /* en */,
			);
			name = Localizable.strings;
			sourceTree = "<group>";
		};
		1F766FDF13BBADB100FB74C0 /* Localizable.strings */ = {
			isa = PBXVariantGroup;
			children = (
				1F766FE013BBADB100FB74C0 /* es */,
			);
			name = Localizable.strings;
			sourceTree = "<group>";
		};
		30A0434314DC770100060A13 /* Localizable.strings */ = {
			isa = PBXVariantGroup;
			children = (
				30A0434414DC770100060A13 /* de */,
			);
			name = Localizable.strings;
			sourceTree = "<group>";
		};
		30A0434614DC770100060A13 /* Localizable.strings */ = {
			isa = PBXVariantGroup;
			children = (
				30A0434714DC770100060A13 /* se */,
			);
			name = Localizable.strings;
			sourceTree = "<group>";
		};
/* End PBXVariantGroup section */

/* Begin XCBuildConfiguration section */
		1D6058940D05DD3E006BFB54 /* Debug */ = {
			isa = XCBuildConfiguration;
			buildSettings = {
				ALWAYS_SEARCH_USER_PATHS = NO;
				CLANG_ENABLE_OBJC_ARC = YES;
				COPY_PHASE_STRIP = NO;
				GCC_DYNAMIC_NO_PIC = NO;
				GCC_OPTIMIZATION_LEVEL = 0;
				GCC_PRECOMPILE_PREFIX_HEADER = YES;
				GCC_PREFIX_HEADER = "HelloCordova/HelloCordova-Prefix.pch";
				GCC_THUMB_SUPPORT = NO;
				GCC_VERSION = "";
				INFOPLIST_FILE = "HelloCordova/HelloCordova-Info.plist";
				IPHONEOS_DEPLOYMENT_TARGET = 6.0;
				OTHER_LDFLAGS = (
					"-weak_framework",
					CoreFoundation,
					"-weak_framework",
					UIKit,
					"-weak_framework",
					AVFoundation,
					"-weak_framework",
					CoreMedia,
					"-weak-lSystem",
					"-force_load",
					"\"$(BUILT_PRODUCTS_DIR)/libCordova.a\"",
					"-ObjC",
				);
				PRODUCT_NAME = "HelloCordova";
				TARGETED_DEVICE_FAMILY = "1,2";
				LIBRARY_SEARCH_PATHS = (
					"$(inherited)",
					"\"$(SRCROOT)/HelloCordova/Plugins/com.mirasense.scanditsdk.plugin/ScanditSDK\"",
				);
			};
			name = Debug;
		};
		1D6058950D05DD3E006BFB54 /* Release */ = {
			isa = XCBuildConfiguration;
			buildSettings = {
				ALWAYS_SEARCH_USER_PATHS = NO;
				CLANG_ENABLE_OBJC_ARC = YES;
				COPY_PHASE_STRIP = YES;
				GCC_PRECOMPILE_PREFIX_HEADER = YES;
				GCC_PREFIX_HEADER = "HelloCordova/HelloCordova-Prefix.pch";
				GCC_THUMB_SUPPORT = NO;
				GCC_VERSION = "";
				INFOPLIST_FILE = "HelloCordova/HelloCordova-Info.plist";
				IPHONEOS_DEPLOYMENT_TARGET = 6.0;
				OTHER_LDFLAGS = (
					"-weak_framework",
					CoreFoundation,
					"-weak_framework",
					UIKit,
					"-weak_framework",
					AVFoundation,
					"-weak_framework",
					CoreMedia,
					"-weak-lSystem",
					"-force_load",
					"\"$(BUILT_PRODUCTS_DIR)/libCordova.a\"",
					"-ObjC",
				);
				PRODUCT_NAME = "HelloCordova";
				TARGETED_DEVICE_FAMILY = "1,2";
				LIBRARY_SEARCH_PATHS = (
					"$(inherited)",
					"\"$(SRCROOT)/HelloCordova/Plugins/com.mirasense.scanditsdk.plugin/ScanditSDK\"",
				);
			};
			name = Release;
		};
		C01FCF4F08A954540054247B /* Debug */ = {
			isa = XCBuildConfiguration;
			buildSettings = {
				CLANG_ENABLE_OBJC_ARC = YES;
				CLANG_WARN_BOOL_CONVERSION = YES;
				CLANG_WARN_CONSTANT_CONVERSION = YES;
				CLANG_WARN_EMPTY_BODY = YES;
				CLANG_WARN_ENUM_CONVERSION = YES;
				CLANG_WARN_INT_CONVERSION = YES;
				CLANG_WARN__DUPLICATE_METHOD_MATCH = YES;
				"CODE_SIGN_IDENTITY[sdk=iphoneos*]" = "iPhone Developer";
				GCC_C_LANGUAGE_STANDARD = c99;
				GCC_THUMB_SUPPORT = NO;
				GCC_VERSION = "";
				GCC_WARN_ABOUT_RETURN_TYPE = YES;
				GCC_WARN_UNDECLARED_SELECTOR = YES;
				GCC_WARN_UNINITIALIZED_AUTOS = YES;
				GCC_WARN_UNUSED_FUNCTION = YES;
				GCC_WARN_UNUSED_VARIABLE = YES;
				HEADER_SEARCH_PATHS = (
					"\"$(TARGET_BUILD_DIR)/usr/local/lib/include\"",
					"\"$(OBJROOT)/UninstalledProducts/include\"",
					"\"$(BUILT_PRODUCTS_DIR)\"",
				);
				IPHONEOS_DEPLOYMENT_TARGET = 6.0;
				ONLY_ACTIVE_ARCH = YES;
				OTHER_LDFLAGS = (
					"-weak_framework",
					CoreFoundation,
					"-weak_framework",
					UIKit,
					"-weak_framework",
					AVFoundation,
					"-weak_framework",
					CoreMedia,
					"-weak-lSystem",
					"-force_load",
					"\"$(BUILT_PRODUCTS_DIR)/libCordova.a\"",
					"-ObjC",
				);
				SDKROOT = iphoneos;
				SKIP_INSTALL = NO;
				USER_HEADER_SEARCH_PATHS = "";
			};
			name = Debug;
		};
		C01FCF5008A954540054247B /* Release */ = {
			isa = XCBuildConfiguration;
			buildSettings = {
				CLANG_ENABLE_OBJC_ARC = YES;
				CLANG_WARN_BOOL_CONVERSION = YES;
				CLANG_WARN_CONSTANT_CONVERSION = YES;
				CLANG_WARN_EMPTY_BODY = YES;
				CLANG_WARN_ENUM_CONVERSION = YES;
				CLANG_WARN_INT_CONVERSION = YES;
				CLANG_WARN__DUPLICATE_METHOD_MATCH = YES;
				"CODE_SIGN_IDENTITY[sdk=iphoneos*]" = "iPhone Developer";
				GCC_C_LANGUAGE_STANDARD = c99;
				GCC_THUMB_SUPPORT = NO;
				GCC_VERSION = "";
				GCC_WARN_ABOUT_RETURN_TYPE = YES;
				GCC_WARN_UNDECLARED_SELECTOR = YES;
				GCC_WARN_UNINITIALIZED_AUTOS = YES;
				GCC_WARN_UNUSED_FUNCTION = YES;
				GCC_WARN_UNUSED_VARIABLE = YES;
				HEADER_SEARCH_PATHS = (
					"\"$(TARGET_BUILD_DIR)/usr/local/lib/include\"",
					"\"$(OBJROOT)/UninstalledProducts/include\"",
					"\"$(BUILT_PRODUCTS_DIR)\"",
				);
				IPHONEOS_DEPLOYMENT_TARGET = 6.0;
				OTHER_LDFLAGS = (
					"-weak_framework",
					CoreFoundation,
					"-weak_framework",
					UIKit,
					"-weak_framework",
					AVFoundation,
					"-weak_framework",
					CoreMedia,
					"-weak-lSystem",
					"-force_load",
					"\"$(BUILT_PRODUCTS_DIR)/libCordova.a\"",
					"-ObjC",
				);
				SDKROOT = iphoneos;
				SKIP_INSTALL = NO;
				USER_HEADER_SEARCH_PATHS = "";
			};
			name = Release;
		};
/* End XCBuildConfiguration section */

/* Begin XCConfigurationList section */
		1D6058960D05DD3E006BFB54 /* Build configuration list for PBXNativeTarget "HelloCordova" */ = {
			isa = XCConfigurationList;
			buildConfigurations = (
				1D6058940D05DD3E006BFB54 /* Debug */,
				1D6058950D05DD3E006BFB54 /* Release */,
			);
			defaultConfigurationIsVisible = 0;
			defaultConfigurationName = Release;
		};
		C01FCF4E08A954540054247B /* Build configuration list for PBXProject "__CLI__" */ = {
			isa = XCConfigurationList;
			buildConfigurations = (
				C01FCF4F08A954540054247B /* Debug */,
				C01FCF5008A954540054247B /* Release */,
			);
			defaultConfigurationIsVisible = 0;
			defaultConfigurationName = Release;
		};
/* End XCConfigurationList section */
	};
	rootObject = 29B97313FDCFA39411CA2CEA /* Project object */;
}
